// !$*UTF8*$!
{
	archiveVersion = 1;
	classes = {
	};
	objectVersion = 46;
	objects = {

/* Begin PBXBuildFile section */
		D209D2031923DA7200BE5F91 /* Foundation.framework in Frameworks */ = {isa = PBXBuildFile; fileRef = D209D2021923DA7200BE5F91 /* Foundation.framework */; };
		D209D2051923DA7200BE5F91 /* CoreGraphics.framework in Frameworks */ = {isa = PBXBuildFile; fileRef = D209D2041923DA7200BE5F91 /* CoreGraphics.framework */; };
		D209D2071923DA7200BE5F91 /* UIKit.framework in Frameworks */ = {isa = PBXBuildFile; fileRef = D209D2061923DA7200BE5F91 /* UIKit.framework */; };
		D209D20D1923DA7200BE5F91 /* InfoPlist.strings in Resources */ = {isa = PBXBuildFile; fileRef = D209D20B1923DA7200BE5F91 /* InfoPlist.strings */; };
		D209D20F1923DA7200BE5F91 /* main.m in Sources */ = {isa = PBXBuildFile; fileRef = D209D20E1923DA7200BE5F91 /* main.m */; };
		D209D2131923DA7200BE5F91 /* AppDelegate.m in Sources */ = {isa = PBXBuildFile; fileRef = D209D2121923DA7200BE5F91 /* AppDelegate.m */; };
		D209D2161923DA7200BE5F91 /* Main.storyboard in Resources */ = {isa = PBXBuildFile; fileRef = D209D2141923DA7200BE5F91 /* Main.storyboard */; };
		D209D21E1923DA7200BE5F91 /* Images.xcassets in Resources */ = {isa = PBXBuildFile; fileRef = D209D21D1923DA7200BE5F91 /* Images.xcassets */; };
		D209D2251923DA7200BE5F91 /* XCTest.framework in Frameworks */ = {isa = PBXBuildFile; fileRef = D209D2241923DA7200BE5F91 /* XCTest.framework */; };
		D209D2261923DA7200BE5F91 /* Foundation.framework in Frameworks */ = {isa = PBXBuildFile; fileRef = D209D2021923DA7200BE5F91 /* Foundation.framework */; };
		D209D2271923DA7200BE5F91 /* UIKit.framework in Frameworks */ = {isa = PBXBuildFile; fileRef = D209D2061923DA7200BE5F91 /* UIKit.framework */; };
		D209D22F1923DA7200BE5F91 /* InfoPlist.strings in Resources */ = {isa = PBXBuildFile; fileRef = D209D22D1923DA7200BE5F91 /* InfoPlist.strings */; };
		D209D2311923DA7200BE5F91 /* ManaTests.m in Sources */ = {isa = PBXBuildFile; fileRef = D209D2301923DA7200BE5F91 /* ManaTests.m */; };
		D209D23D1923DAD500BE5F91 /* GoldenGateBridge-001.jpg in Resources */ = {isa = PBXBuildFile; fileRef = D209D23C1923DAD500BE5F91 /* GoldenGateBridge-001.jpg */; };
		D209D2401923DB0300BE5F91 /* MonaFeedViewController.m in Sources */ = {isa = PBXBuildFile; fileRef = D209D23F1923DB0300BE5F91 /* MonaFeedViewController.m */; };
		D2432C0D192BD11400A87951 /* ExperienceLocationTableViewController.m in Sources */ = {isa = PBXBuildFile; fileRef = D2432C0C192BD11400A87951 /* ExperienceLocationTableViewController.m */; };
		D2432C0F192BD19E00A87951 /* MapKit.framework in Frameworks */ = {isa = PBXBuildFile; fileRef = D2432C0E192BD19E00A87951 /* MapKit.framework */; };
		D2432C12192C236400A87951 /* UITableViewController+NextButtonSegue.m in Sources */ = {isa = PBXBuildFile; fileRef = D2432C11192C236400A87951 /* UITableViewController+NextButtonSegue.m */; };
		D2432C15192C24F200A87951 /* HostWhenTableViewController.m in Sources */ = {isa = PBXBuildFile; fileRef = D2432C14192C24F200A87951 /* HostWhenTableViewController.m */; };
		D2432C18192C251C00A87951 /* HostNumbersTableViewController.m in Sources */ = {isa = PBXBuildFile; fileRef = D2432C17192C251C00A87951 /* HostNumbersTableViewController.m */; };
		D2432C1B192C253900A87951 /* HostDetailsTableViewController.m in Sources */ = {isa = PBXBuildFile; fileRef = D2432C1A192C253900A87951 /* HostDetailsTableViewController.m */; };
		D260036F19344D71003239FE /* ManaNavigationViewController.m in Sources */ = {isa = PBXBuildFile; fileRef = D260036E19344D71003239FE /* ManaNavigationViewController.m */; };
		D26003721934506A003239FE /* ContentViewController.m in Sources */ = {isa = PBXBuildFile; fileRef = D26003711934506A003239FE /* ContentViewController.m */; };
		D26003E319345E5A003239FE /* MMDrawerBarButtonItem.m in Sources */ = {isa = PBXBuildFile; fileRef = D26003DB19345E5A003239FE /* MMDrawerBarButtonItem.m */; };
		D26003E419345E5A003239FE /* MMDrawerController.m in Sources */ = {isa = PBXBuildFile; fileRef = D26003DE19345E5A003239FE /* MMDrawerController.m */; };
		D26003E519345E5A003239FE /* MMDrawerVisualState.m in Sources */ = {isa = PBXBuildFile; fileRef = D26003E019345E5A003239FE /* MMDrawerVisualState.m */; };
		D26003E619345E5A003239FE /* UIViewController+MMDrawerController.m in Sources */ = {isa = PBXBuildFile; fileRef = D26003E219345E5A003239FE /* UIViewController+MMDrawerController.m */; };
		D26003EC19345E63003239FE /* KICamera.png in Resources */ = {isa = PBXBuildFile; fileRef = D26003E819345E63003239FE /* KICamera.png */; };
		D26003ED19345E63003239FE /* KICamera@2x.png in Resources */ = {isa = PBXBuildFile; fileRef = D26003E919345E63003239FE /* KICamera@2x.png */; };
		D26003EE19345E63003239FE /* KIImagePager.m in Sources */ = {isa = PBXBuildFile; fileRef = D26003EB19345E63003239FE /* KIImagePager.m */; };
		D260040D19345EFB003239FE /* Media.xcassets in Resources */ = {isa = PBXBuildFile; fileRef = D26003F019345EFB003239FE /* Media.xcassets */; };
		D260040E19345EFB003239FE /* Mixpanel.m in Sources */ = {isa = PBXBuildFile; fileRef = D26003F219345EFB003239FE /* Mixpanel.m */; };
		D260040F19345EFB003239FE /* MPCloseBtn.png in Resources */ = {isa = PBXBuildFile; fileRef = D26003F319345EFB003239FE /* MPCloseBtn.png */; };
		D260041019345EFB003239FE /* MPCloseBtn@2x.png in Resources */ = {isa = PBXBuildFile; fileRef = D26003F419345EFB003239FE /* MPCloseBtn@2x.png */; };
		D260041119345EFB003239FE /* MPNotification.m in Sources */ = {isa = PBXBuildFile; fileRef = D26003F619345EFB003239FE /* MPNotification.m */; };
		D260041219345EFB003239FE /* MPNotification.storyboard in Resources */ = {isa = PBXBuildFile; fileRef = D26003F719345EFB003239FE /* MPNotification.storyboard */; };
		D260041319345EFB003239FE /* MPNotificationViewController.m in Sources */ = {isa = PBXBuildFile; fileRef = D26003F919345EFB003239FE /* MPNotificationViewController.m */; };
		D260041419345EFB003239FE /* MPSurvey.m in Sources */ = {isa = PBXBuildFile; fileRef = D26003FB19345EFB003239FE /* MPSurvey.m */; };
		D260041519345EFB003239FE /* MPSurvey.storyboard in Resources */ = {isa = PBXBuildFile; fileRef = D26003FC19345EFB003239FE /* MPSurvey.storyboard */; };
		D260041619345EFB003239FE /* MPSurveyNavigationController.m in Sources */ = {isa = PBXBuildFile; fileRef = D26003FE19345EFB003239FE /* MPSurveyNavigationController.m */; };
		D260041719345EFB003239FE /* MPSurveyQuestion.m in Sources */ = {isa = PBXBuildFile; fileRef = D260040019345EFB003239FE /* MPSurveyQuestion.m */; };
		D260041819345EFB003239FE /* MPSurveyQuestionViewController.m in Sources */ = {isa = PBXBuildFile; fileRef = D260040219345EFB003239FE /* MPSurveyQuestionViewController.m */; };
		D260041919345EFB003239FE /* NSData+MPBase64.m in Sources */ = {isa = PBXBuildFile; fileRef = D260040419345EFB003239FE /* NSData+MPBase64.m */; };
		D260041A19345EFB003239FE /* UIColor+MPColor.m in Sources */ = {isa = PBXBuildFile; fileRef = D260040619345EFB003239FE /* UIColor+MPColor.m */; };
		D260041B19345EFB003239FE /* UIImage+MPAverageColor.m in Sources */ = {isa = PBXBuildFile; fileRef = D260040819345EFB003239FE /* UIImage+MPAverageColor.m */; };
		D260041C19345EFB003239FE /* UIImage+MPImageEffects.m in Sources */ = {isa = PBXBuildFile; fileRef = D260040A19345EFB003239FE /* UIImage+MPImageEffects.m */; };
		D260041D19345EFB003239FE /* UIView+MPSnapshotImage.m in Sources */ = {isa = PBXBuildFile; fileRef = D260040C19345EFB003239FE /* UIView+MPSnapshotImage.m */; };
		D260041F1934608F003239FE /* FacebookSDK.framework in Frameworks */ = {isa = PBXBuildFile; fileRef = D260041E1934608F003239FE /* FacebookSDK.framework */; };
		D299B221192BCD3100A47540 /* ExperienceCategoryTableViewController.m in Sources */ = {isa = PBXBuildFile; fileRef = D299B220192BCD3100A47540 /* ExperienceCategoryTableViewController.m */; };
		D2BD732A192E8121007B73C5 /* ManaTableViewController.m in Sources */ = {isa = PBXBuildFile; fileRef = D2BD7329192E8121007B73C5 /* ManaTableViewController.m */; };
		D2BD732E192E88D6007B73C5 /* pretty normal looking girl.jpg in Resources */ = {isa = PBXBuildFile; fileRef = D2BD732D192E88D6007B73C5 /* pretty normal looking girl.jpg */; };
		D2BD7332192EB921007B73C5 /* photo-background.png in Resources */ = {isa = PBXBuildFile; fileRef = D2BD7331192EB921007B73C5 /* photo-background.png */; };
		D2BD7334192ECC41007B73C5 /* ExperienceCard.xib in Resources */ = {isa = PBXBuildFile; fileRef = D2BD7333192ECC41007B73C5 /* ExperienceCard.xib */; };
		D2E16D87192BC7E4008DD0B0 /* ExperienceTypeTableViewController.m in Sources */ = {isa = PBXBuildFile; fileRef = D2E16D86192BC7E4008DD0B0 /* ExperienceTypeTableViewController.m */; };
		D2F8DB6C192FC1B70036E267 /* FeedViewController.m in Sources */ = {isa = PBXBuildFile; fileRef = D2F8DB6B192FC1B70036E267 /* FeedViewController.m */; };
		D2FC8AAB19346213009D372C /* ManaProfileViewController.m in Sources */ = {isa = PBXBuildFile; fileRef = D2FC8AAA19346213009D372C /* ManaProfileViewController.m */; };
/* End PBXBuildFile section */

/* Begin PBXContainerItemProxy section */
		D209D2281923DA7200BE5F91 /* PBXContainerItemProxy */ = {
			isa = PBXContainerItemProxy;
			containerPortal = D209D1F71923DA7200BE5F91 /* Project object */;
			proxyType = 1;
			remoteGlobalIDString = D209D1FE1923DA7200BE5F91;
			remoteInfo = Mana;
		};
/* End PBXContainerItemProxy section */

/* Begin PBXFileReference section */
		D209D1FF1923DA7200BE5F91 /* Mana.app */ = {isa = PBXFileReference; explicitFileType = wrapper.application; includeInIndex = 0; path = Mana.app; sourceTree = BUILT_PRODUCTS_DIR; };
		D209D2021923DA7200BE5F91 /* Foundation.framework */ = {isa = PBXFileReference; lastKnownFileType = wrapper.framework; name = Foundation.framework; path = System/Library/Frameworks/Foundation.framework; sourceTree = SDKROOT; };
		D209D2041923DA7200BE5F91 /* CoreGraphics.framework */ = {isa = PBXFileReference; lastKnownFileType = wrapper.framework; name = CoreGraphics.framework; path = System/Library/Frameworks/CoreGraphics.framework; sourceTree = SDKROOT; };
		D209D2061923DA7200BE5F91 /* UIKit.framework */ = {isa = PBXFileReference; lastKnownFileType = wrapper.framework; name = UIKit.framework; path = System/Library/Frameworks/UIKit.framework; sourceTree = SDKROOT; };
		D209D20A1923DA7200BE5F91 /* Mana-Info.plist */ = {isa = PBXFileReference; lastKnownFileType = text.plist.xml; path = "Mana-Info.plist"; sourceTree = "<group>"; };
		D209D20C1923DA7200BE5F91 /* en */ = {isa = PBXFileReference; lastKnownFileType = text.plist.strings; name = en; path = en.lproj/InfoPlist.strings; sourceTree = "<group>"; };
		D209D20E1923DA7200BE5F91 /* main.m */ = {isa = PBXFileReference; lastKnownFileType = sourcecode.c.objc; path = main.m; sourceTree = "<group>"; };
		D209D2101923DA7200BE5F91 /* Mana-Prefix.pch */ = {isa = PBXFileReference; lastKnownFileType = sourcecode.c.h; path = "Mana-Prefix.pch"; sourceTree = "<group>"; };
		D209D2111923DA7200BE5F91 /* AppDelegate.h */ = {isa = PBXFileReference; lastKnownFileType = sourcecode.c.h; path = AppDelegate.h; sourceTree = "<group>"; };
		D209D2121923DA7200BE5F91 /* AppDelegate.m */ = {isa = PBXFileReference; lastKnownFileType = sourcecode.c.objc; path = AppDelegate.m; sourceTree = "<group>"; };
		D209D2151923DA7200BE5F91 /* Base */ = {isa = PBXFileReference; lastKnownFileType = file.storyboard; name = Base; path = Base.lproj/Main.storyboard; sourceTree = "<group>"; };
		D209D21D1923DA7200BE5F91 /* Images.xcassets */ = {isa = PBXFileReference; lastKnownFileType = folder.assetcatalog; name = Images.xcassets; path = Mana/Images.xcassets; sourceTree = "<group>"; };
		D209D2231923DA7200BE5F91 /* ManaTests.xctest */ = {isa = PBXFileReference; explicitFileType = wrapper.cfbundle; includeInIndex = 0; path = ManaTests.xctest; sourceTree = BUILT_PRODUCTS_DIR; };
		D209D2241923DA7200BE5F91 /* XCTest.framework */ = {isa = PBXFileReference; lastKnownFileType = wrapper.framework; name = XCTest.framework; path = Library/Frameworks/XCTest.framework; sourceTree = DEVELOPER_DIR; };
		D209D22C1923DA7200BE5F91 /* ManaTests-Info.plist */ = {isa = PBXFileReference; lastKnownFileType = text.plist.xml; path = "ManaTests-Info.plist"; sourceTree = "<group>"; };
		D209D22E1923DA7200BE5F91 /* en */ = {isa = PBXFileReference; lastKnownFileType = text.plist.strings; name = en; path = en.lproj/InfoPlist.strings; sourceTree = "<group>"; };
		D209D2301923DA7200BE5F91 /* ManaTests.m */ = {isa = PBXFileReference; lastKnownFileType = sourcecode.c.objc; path = ManaTests.m; sourceTree = "<group>"; };
		D209D23C1923DAD500BE5F91 /* GoldenGateBridge-001.jpg */ = {isa = PBXFileReference; lastKnownFileType = image.jpeg; path = "GoldenGateBridge-001.jpg"; sourceTree = "<group>"; };
		D209D23E1923DB0300BE5F91 /* MonaFeedViewController.h */ = {isa = PBXFileReference; fileEncoding = 4; lastKnownFileType = sourcecode.c.h; path = MonaFeedViewController.h; sourceTree = "<group>"; };
		D209D23F1923DB0300BE5F91 /* MonaFeedViewController.m */ = {isa = PBXFileReference; fileEncoding = 4; lastKnownFileType = sourcecode.c.objc; path = MonaFeedViewController.m; sourceTree = "<group>"; };
		D2432C0B192BD11400A87951 /* ExperienceLocationTableViewController.h */ = {isa = PBXFileReference; fileEncoding = 4; lastKnownFileType = sourcecode.c.h; path = ExperienceLocationTableViewController.h; sourceTree = "<group>"; };
		D2432C0C192BD11400A87951 /* ExperienceLocationTableViewController.m */ = {isa = PBXFileReference; fileEncoding = 4; lastKnownFileType = sourcecode.c.objc; path = ExperienceLocationTableViewController.m; sourceTree = "<group>"; };
		D2432C0E192BD19E00A87951 /* MapKit.framework */ = {isa = PBXFileReference; lastKnownFileType = wrapper.framework; name = MapKit.framework; path = System/Library/Frameworks/MapKit.framework; sourceTree = SDKROOT; };
		D2432C10192C236400A87951 /* UITableViewController+NextButtonSegue.h */ = {isa = PBXFileReference; fileEncoding = 4; lastKnownFileType = sourcecode.c.h; path = "UITableViewController+NextButtonSegue.h"; sourceTree = "<group>"; };
		D2432C11192C236400A87951 /* UITableViewController+NextButtonSegue.m */ = {isa = PBXFileReference; fileEncoding = 4; lastKnownFileType = sourcecode.c.objc; path = "UITableViewController+NextButtonSegue.m"; sourceTree = "<group>"; };
		D2432C13192C24F200A87951 /* HostWhenTableViewController.h */ = {isa = PBXFileReference; fileEncoding = 4; lastKnownFileType = sourcecode.c.h; path = HostWhenTableViewController.h; sourceTree = "<group>"; };
		D2432C14192C24F200A87951 /* HostWhenTableViewController.m */ = {isa = PBXFileReference; fileEncoding = 4; lastKnownFileType = sourcecode.c.objc; path = HostWhenTableViewController.m; sourceTree = "<group>"; };
		D2432C16192C251C00A87951 /* HostNumbersTableViewController.h */ = {isa = PBXFileReference; fileEncoding = 4; lastKnownFileType = sourcecode.c.h; path = HostNumbersTableViewController.h; sourceTree = "<group>"; };
		D2432C17192C251C00A87951 /* HostNumbersTableViewController.m */ = {isa = PBXFileReference; fileEncoding = 4; lastKnownFileType = sourcecode.c.objc; path = HostNumbersTableViewController.m; sourceTree = "<group>"; };
		D2432C19192C253900A87951 /* HostDetailsTableViewController.h */ = {isa = PBXFileReference; fileEncoding = 4; lastKnownFileType = sourcecode.c.h; path = HostDetailsTableViewController.h; sourceTree = "<group>"; };
		D2432C1A192C253900A87951 /* HostDetailsTableViewController.m */ = {isa = PBXFileReference; fileEncoding = 4; lastKnownFileType = sourcecode.c.objc; path = HostDetailsTableViewController.m; sourceTree = "<group>"; };
		D260036D19344D71003239FE /* ManaNavigationViewController.h */ = {isa = PBXFileReference; fileEncoding = 4; lastKnownFileType = sourcecode.c.h; path = ManaNavigationViewController.h; sourceTree = "<group>"; };
		D260036E19344D71003239FE /* ManaNavigationViewController.m */ = {isa = PBXFileReference; fileEncoding = 4; lastKnownFileType = sourcecode.c.objc; path = ManaNavigationViewController.m; sourceTree = "<group>"; };
		D26003701934506A003239FE /* ContentViewController.h */ = {isa = PBXFileReference; fileEncoding = 4; lastKnownFileType = sourcecode.c.h; path = ContentViewController.h; sourceTree = "<group>"; };
		D26003711934506A003239FE /* ContentViewController.m */ = {isa = PBXFileReference; fileEncoding = 4; lastKnownFileType = sourcecode.c.objc; path = ContentViewController.m; sourceTree = "<group>"; };
		D26003DA19345E5A003239FE /* MMDrawerBarButtonItem.h */ = {isa = PBXFileReference; fileEncoding = 4; lastKnownFileType = sourcecode.c.h; path = MMDrawerBarButtonItem.h; sourceTree = "<group>"; };
		D26003DB19345E5A003239FE /* MMDrawerBarButtonItem.m */ = {isa = PBXFileReference; fileEncoding = 4; lastKnownFileType = sourcecode.c.objc; path = MMDrawerBarButtonItem.m; sourceTree = "<group>"; };
		D26003DC19345E5A003239FE /* MMDrawerController+Subclass.h */ = {isa = PBXFileReference; fileEncoding = 4; lastKnownFileType = sourcecode.c.h; path = "MMDrawerController+Subclass.h"; sourceTree = "<group>"; };
		D26003DD19345E5A003239FE /* MMDrawerController.h */ = {isa = PBXFileReference; fileEncoding = 4; lastKnownFileType = sourcecode.c.h; path = MMDrawerController.h; sourceTree = "<group>"; };
		D26003DE19345E5A003239FE /* MMDrawerController.m */ = {isa = PBXFileReference; fileEncoding = 4; lastKnownFileType = sourcecode.c.objc; path = MMDrawerController.m; sourceTree = "<group>"; };
		D26003DF19345E5A003239FE /* MMDrawerVisualState.h */ = {isa = PBXFileReference; fileEncoding = 4; lastKnownFileType = sourcecode.c.h; path = MMDrawerVisualState.h; sourceTree = "<group>"; };
		D26003E019345E5A003239FE /* MMDrawerVisualState.m */ = {isa = PBXFileReference; fileEncoding = 4; lastKnownFileType = sourcecode.c.objc; path = MMDrawerVisualState.m; sourceTree = "<group>"; };
		D26003E119345E5A003239FE /* UIViewController+MMDrawerController.h */ = {isa = PBXFileReference; fileEncoding = 4; lastKnownFileType = sourcecode.c.h; path = "UIViewController+MMDrawerController.h"; sourceTree = "<group>"; };
		D26003E219345E5A003239FE /* UIViewController+MMDrawerController.m */ = {isa = PBXFileReference; fileEncoding = 4; lastKnownFileType = sourcecode.c.objc; path = "UIViewController+MMDrawerController.m"; sourceTree = "<group>"; };
		D26003E819345E63003239FE /* KICamera.png */ = {isa = PBXFileReference; lastKnownFileType = image.png; path = KICamera.png; sourceTree = "<group>"; };
		D26003E919345E63003239FE /* KICamera@2x.png */ = {isa = PBXFileReference; lastKnownFileType = image.png; path = "KICamera@2x.png"; sourceTree = "<group>"; };
		D26003EA19345E63003239FE /* KIImagePager.h */ = {isa = PBXFileReference; fileEncoding = 4; lastKnownFileType = sourcecode.c.h; path = KIImagePager.h; sourceTree = "<group>"; };
		D26003EB19345E63003239FE /* KIImagePager.m */ = {isa = PBXFileReference; fileEncoding = 4; lastKnownFileType = sourcecode.c.objc; path = KIImagePager.m; sourceTree = "<group>"; };
		D26003F019345EFB003239FE /* Media.xcassets */ = {isa = PBXFileReference; lastKnownFileType = folder.assetcatalog; path = Media.xcassets; sourceTree = "<group>"; };
		D26003F119345EFB003239FE /* Mixpanel.h */ = {isa = PBXFileReference; fileEncoding = 4; lastKnownFileType = sourcecode.c.h; path = Mixpanel.h; sourceTree = "<group>"; };
		D26003F219345EFB003239FE /* Mixpanel.m */ = {isa = PBXFileReference; fileEncoding = 4; lastKnownFileType = sourcecode.c.objc; path = Mixpanel.m; sourceTree = "<group>"; };
		D26003F319345EFB003239FE /* MPCloseBtn.png */ = {isa = PBXFileReference; lastKnownFileType = image.png; path = MPCloseBtn.png; sourceTree = "<group>"; };
		D26003F419345EFB003239FE /* MPCloseBtn@2x.png */ = {isa = PBXFileReference; lastKnownFileType = image.png; path = "MPCloseBtn@2x.png"; sourceTree = "<group>"; };
		D26003F519345EFB003239FE /* MPNotification.h */ = {isa = PBXFileReference; fileEncoding = 4; lastKnownFileType = sourcecode.c.h; path = MPNotification.h; sourceTree = "<group>"; };
		D26003F619345EFB003239FE /* MPNotification.m */ = {isa = PBXFileReference; fileEncoding = 4; lastKnownFileType = sourcecode.c.objc; path = MPNotification.m; sourceTree = "<group>"; };
		D26003F719345EFB003239FE /* MPNotification.storyboard */ = {isa = PBXFileReference; fileEncoding = 4; lastKnownFileType = file.storyboard; path = MPNotification.storyboard; sourceTree = "<group>"; };
		D26003F819345EFB003239FE /* MPNotificationViewController.h */ = {isa = PBXFileReference; fileEncoding = 4; lastKnownFileType = sourcecode.c.h; path = MPNotificationViewController.h; sourceTree = "<group>"; };
		D26003F919345EFB003239FE /* MPNotificationViewController.m */ = {isa = PBXFileReference; fileEncoding = 4; lastKnownFileType = sourcecode.c.objc; path = MPNotificationViewController.m; sourceTree = "<group>"; };
		D26003FA19345EFB003239FE /* MPSurvey.h */ = {isa = PBXFileReference; fileEncoding = 4; lastKnownFileType = sourcecode.c.h; path = MPSurvey.h; sourceTree = "<group>"; };
		D26003FB19345EFB003239FE /* MPSurvey.m */ = {isa = PBXFileReference; fileEncoding = 4; lastKnownFileType = sourcecode.c.objc; path = MPSurvey.m; sourceTree = "<group>"; };
		D26003FC19345EFB003239FE /* MPSurvey.storyboard */ = {isa = PBXFileReference; fileEncoding = 4; lastKnownFileType = file.storyboard; path = MPSurvey.storyboard; sourceTree = "<group>"; };
		D26003FD19345EFB003239FE /* MPSurveyNavigationController.h */ = {isa = PBXFileReference; fileEncoding = 4; lastKnownFileType = sourcecode.c.h; path = MPSurveyNavigationController.h; sourceTree = "<group>"; };
		D26003FE19345EFB003239FE /* MPSurveyNavigationController.m */ = {isa = PBXFileReference; fileEncoding = 4; lastKnownFileType = sourcecode.c.objc; path = MPSurveyNavigationController.m; sourceTree = "<group>"; };
		D26003FF19345EFB003239FE /* MPSurveyQuestion.h */ = {isa = PBXFileReference; fileEncoding = 4; lastKnownFileType = sourcecode.c.h; path = MPSurveyQuestion.h; sourceTree = "<group>"; };
		D260040019345EFB003239FE /* MPSurveyQuestion.m */ = {isa = PBXFileReference; fileEncoding = 4; lastKnownFileType = sourcecode.c.objc; path = MPSurveyQuestion.m; sourceTree = "<group>"; };
		D260040119345EFB003239FE /* MPSurveyQuestionViewController.h */ = {isa = PBXFileReference; fileEncoding = 4; lastKnownFileType = sourcecode.c.h; path = MPSurveyQuestionViewController.h; sourceTree = "<group>"; };
		D260040219345EFB003239FE /* MPSurveyQuestionViewController.m */ = {isa = PBXFileReference; fileEncoding = 4; lastKnownFileType = sourcecode.c.objc; path = MPSurveyQuestionViewController.m; sourceTree = "<group>"; };
		D260040319345EFB003239FE /* NSData+MPBase64.h */ = {isa = PBXFileReference; fileEncoding = 4; lastKnownFileType = sourcecode.c.h; path = "NSData+MPBase64.h"; sourceTree = "<group>"; };
		D260040419345EFB003239FE /* NSData+MPBase64.m */ = {isa = PBXFileReference; fileEncoding = 4; lastKnownFileType = sourcecode.c.objc; path = "NSData+MPBase64.m"; sourceTree = "<group>"; };
		D260040519345EFB003239FE /* UIColor+MPColor.h */ = {isa = PBXFileReference; fileEncoding = 4; lastKnownFileType = sourcecode.c.h; path = "UIColor+MPColor.h"; sourceTree = "<group>"; };
		D260040619345EFB003239FE /* UIColor+MPColor.m */ = {isa = PBXFileReference; fileEncoding = 4; lastKnownFileType = sourcecode.c.objc; path = "UIColor+MPColor.m"; sourceTree = "<group>"; };
		D260040719345EFB003239FE /* UIImage+MPAverageColor.h */ = {isa = PBXFileReference; fileEncoding = 4; lastKnownFileType = sourcecode.c.h; path = "UIImage+MPAverageColor.h"; sourceTree = "<group>"; };
		D260040819345EFB003239FE /* UIImage+MPAverageColor.m */ = {isa = PBXFileReference; fileEncoding = 4; lastKnownFileType = sourcecode.c.objc; path = "UIImage+MPAverageColor.m"; sourceTree = "<group>"; };
		D260040919345EFB003239FE /* UIImage+MPImageEffects.h */ = {isa = PBXFileReference; fileEncoding = 4; lastKnownFileType = sourcecode.c.h; path = "UIImage+MPImageEffects.h"; sourceTree = "<group>"; };
		D260040A19345EFB003239FE /* UIImage+MPImageEffects.m */ = {isa = PBXFileReference; fileEncoding = 4; lastKnownFileType = sourcecode.c.objc; path = "UIImage+MPImageEffects.m"; sourceTree = "<group>"; };
		D260040B19345EFB003239FE /* UIView+MPSnapshotImage.h */ = {isa = PBXFileReference; fileEncoding = 4; lastKnownFileType = sourcecode.c.h; path = "UIView+MPSnapshotImage.h"; sourceTree = "<group>"; };
		D260040C19345EFB003239FE /* UIView+MPSnapshotImage.m */ = {isa = PBXFileReference; fileEncoding = 4; lastKnownFileType = sourcecode.c.objc; path = "UIView+MPSnapshotImage.m"; sourceTree = "<group>"; };
		D260041E1934608F003239FE /* FacebookSDK.framework */ = {isa = PBXFileReference; lastKnownFileType = wrapper.framework; path = FacebookSDK.framework; sourceTree = "<group>"; };
		D299B21F192BCD3100A47540 /* ExperienceCategoryTableViewController.h */ = {isa = PBXFileReference; fileEncoding = 4; lastKnownFileType = sourcecode.c.h; path = ExperienceCategoryTableViewController.h; sourceTree = "<group>"; };
		D299B220192BCD3100A47540 /* ExperienceCategoryTableViewController.m */ = {isa = PBXFileReference; fileEncoding = 4; lastKnownFileType = sourcecode.c.objc; path = ExperienceCategoryTableViewController.m; sourceTree = "<group>"; };
		D2BD7328192E8121007B73C5 /* ManaTableViewController.h */ = {isa = PBXFileReference; fileEncoding = 4; lastKnownFileType = sourcecode.c.h; path = ManaTableViewController.h; sourceTree = "<group>"; };
		D2BD7329192E8121007B73C5 /* ManaTableViewController.m */ = {isa = PBXFileReference; fileEncoding = 4; lastKnownFileType = sourcecode.c.objc; path = ManaTableViewController.m; sourceTree = "<group>"; };
		D2BD732D192E88D6007B73C5 /* pretty normal looking girl.jpg */ = {isa = PBXFileReference; lastKnownFileType = image.jpeg; path = "pretty normal looking girl.jpg"; sourceTree = "<group>"; };
		D2BD7331192EB921007B73C5 /* photo-background.png */ = {isa = PBXFileReference; lastKnownFileType = image.png; path = "photo-background.png"; sourceTree = "<group>"; };
		D2BD7333192ECC41007B73C5 /* ExperienceCard.xib */ = {isa = PBXFileReference; fileEncoding = 4; lastKnownFileType = file.xib; path = ExperienceCard.xib; sourceTree = "<group>"; };
		D2E16D85192BC7E4008DD0B0 /* ExperienceTypeTableViewController.h */ = {isa = PBXFileReference; fileEncoding = 4; lastKnownFileType = sourcecode.c.h; path = ExperienceTypeTableViewController.h; sourceTree = "<group>"; };
		D2E16D86192BC7E4008DD0B0 /* ExperienceTypeTableViewController.m */ = {isa = PBXFileReference; fileEncoding = 4; lastKnownFileType = sourcecode.c.objc; path = ExperienceTypeTableViewController.m; sourceTree = "<group>"; };
		D2F8DB6A192FC1B70036E267 /* FeedViewController.h */ = {isa = PBXFileReference; fileEncoding = 4; lastKnownFileType = sourcecode.c.h; path = FeedViewController.h; sourceTree = "<group>"; };
		D2F8DB6B192FC1B70036E267 /* FeedViewController.m */ = {isa = PBXFileReference; fileEncoding = 4; lastKnownFileType = sourcecode.c.objc; path = FeedViewController.m; sourceTree = "<group>"; };
		D2FC8AA919346213009D372C /* ManaProfileViewController.h */ = {isa = PBXFileReference; fileEncoding = 4; lastKnownFileType = sourcecode.c.h; path = ManaProfileViewController.h; sourceTree = "<group>"; };
		D2FC8AAA19346213009D372C /* ManaProfileViewController.m */ = {isa = PBXFileReference; fileEncoding = 4; lastKnownFileType = sourcecode.c.objc; path = ManaProfileViewController.m; sourceTree = "<group>"; };
/* End PBXFileReference section */

/* Begin PBXFrameworksBuildPhase section */
		D209D1FC1923DA7200BE5F91 /* Frameworks */ = {
			isa = PBXFrameworksBuildPhase;
			buildActionMask = 2147483647;
			files = (
				D2432C0F192BD19E00A87951 /* MapKit.framework in Frameworks */,
				D260041F1934608F003239FE /* FacebookSDK.framework in Frameworks */,
				D209D2051923DA7200BE5F91 /* CoreGraphics.framework in Frameworks */,
				D209D2071923DA7200BE5F91 /* UIKit.framework in Frameworks */,
				D209D2031923DA7200BE5F91 /* Foundation.framework in Frameworks */,
			);
			runOnlyForDeploymentPostprocessing = 0;
		};
		D209D2201923DA7200BE5F91 /* Frameworks */ = {
			isa = PBXFrameworksBuildPhase;
			buildActionMask = 2147483647;
			files = (
				D209D2251923DA7200BE5F91 /* XCTest.framework in Frameworks */,
				D209D2271923DA7200BE5F91 /* UIKit.framework in Frameworks */,
				D209D2261923DA7200BE5F91 /* Foundation.framework in Frameworks */,
			);
			runOnlyForDeploymentPostprocessing = 0;
		};
/* End PBXFrameworksBuildPhase section */

/* Begin PBXGroup section */
		D209D1F61923DA7200BE5F91 = {
			isa = PBXGroup;
			children = (
				D2BD7333192ECC41007B73C5 /* ExperienceCard.xib */,
				D209D2141923DA7200BE5F91 /* Main.storyboard */,
				D2BD732D192E88D6007B73C5 /* pretty normal looking girl.jpg */,
				D2BD7331192EB921007B73C5 /* photo-background.png */,
				D209D21D1923DA7200BE5F91 /* Images.xcassets */,
				D209D2081923DA7200BE5F91 /* Mana */,
				D209D22A1923DA7200BE5F91 /* ManaTests */,
				D26003D819345E4C003239FE /* Libraries */,
				D209D2011923DA7200BE5F91 /* Frameworks */,
				D209D2001923DA7200BE5F91 /* Products */,
			);
			sourceTree = "<group>";
		};
		D209D2001923DA7200BE5F91 /* Products */ = {
			isa = PBXGroup;
			children = (
				D209D1FF1923DA7200BE5F91 /* Mana.app */,
				D209D2231923DA7200BE5F91 /* ManaTests.xctest */,
			);
			name = Products;
			sourceTree = "<group>";
		};
		D209D2011923DA7200BE5F91 /* Frameworks */ = {
			isa = PBXGroup;
			children = (
				D260041E1934608F003239FE /* FacebookSDK.framework */,
				D2432C0E192BD19E00A87951 /* MapKit.framework */,
				D209D2021923DA7200BE5F91 /* Foundation.framework */,
				D209D2041923DA7200BE5F91 /* CoreGraphics.framework */,
				D209D2061923DA7200BE5F91 /* UIKit.framework */,
				D209D2241923DA7200BE5F91 /* XCTest.framework */,
			);
			name = Frameworks;
			sourceTree = "<group>";
		};
		D209D2081923DA7200BE5F91 /* Mana */ = {
			isa = PBXGroup;
			children = (
				D2E16D84192BC7B8008DD0B0 /* Host Creation */,
				D209D23E1923DB0300BE5F91 /* MonaFeedViewController.h */,
				D209D23F1923DB0300BE5F91 /* MonaFeedViewController.m */,
				D209D23C1923DAD500BE5F91 /* GoldenGateBridge-001.jpg */,
				D209D2111923DA7200BE5F91 /* AppDelegate.h */,
				D209D2121923DA7200BE5F91 /* AppDelegate.m */,
				D209D2091923DA7200BE5F91 /* Supporting Files */,
				D2F8DB6A192FC1B70036E267 /* FeedViewController.h */,
				D2F8DB6B192FC1B70036E267 /* FeedViewController.m */,
				D260036D19344D71003239FE /* ManaNavigationViewController.h */,
				D260036E19344D71003239FE /* ManaNavigationViewController.m */,
				D26003701934506A003239FE /* ContentViewController.h */,
				D26003711934506A003239FE /* ContentViewController.m */,
				D2FC8AA919346213009D372C /* ManaProfileViewController.h */,
				D2FC8AAA19346213009D372C /* ManaProfileViewController.m */,
			);
			path = Mana;
			sourceTree = "<group>";
		};
		D209D2091923DA7200BE5F91 /* Supporting Files */ = {
			isa = PBXGroup;
			children = (
				D209D20A1923DA7200BE5F91 /* Mana-Info.plist */,
				D209D20B1923DA7200BE5F91 /* InfoPlist.strings */,
				D209D20E1923DA7200BE5F91 /* main.m */,
				D209D2101923DA7200BE5F91 /* Mana-Prefix.pch */,
			);
			name = "Supporting Files";
			sourceTree = "<group>";
		};
		D209D22A1923DA7200BE5F91 /* ManaTests */ = {
			isa = PBXGroup;
			children = (
				D209D2301923DA7200BE5F91 /* ManaTests.m */,
				D209D22B1923DA7200BE5F91 /* Supporting Files */,
			);
			path = ManaTests;
			sourceTree = "<group>";
		};
		D209D22B1923DA7200BE5F91 /* Supporting Files */ = {
			isa = PBXGroup;
			children = (
				D209D22C1923DA7200BE5F91 /* ManaTests-Info.plist */,
				D209D22D1923DA7200BE5F91 /* InfoPlist.strings */,
			);
			name = "Supporting Files";
			sourceTree = "<group>";
		};
		D26003D819345E4C003239FE /* Libraries */ = {
			isa = PBXGroup;
			children = (
				D26003EF19345EFB003239FE /* Mixpanel */,
				D26003E719345E63003239FE /* KIImagePager */,
				D26003D919345E5A003239FE /* MMDrawerController */,
			);
			path = Libraries;
			sourceTree = "<group>";
		};
		D26003D919345E5A003239FE /* MMDrawerController */ = {
			isa = PBXGroup;
			children = (
				D26003DA19345E5A003239FE /* MMDrawerBarButtonItem.h */,
				D26003DB19345E5A003239FE /* MMDrawerBarButtonItem.m */,
				D26003DC19345E5A003239FE /* MMDrawerController+Subclass.h */,
				D26003DD19345E5A003239FE /* MMDrawerController.h */,
				D26003DE19345E5A003239FE /* MMDrawerController.m */,
				D26003DF19345E5A003239FE /* MMDrawerVisualState.h */,
				D26003E019345E5A003239FE /* MMDrawerVisualState.m */,
				D26003E119345E5A003239FE /* UIViewController+MMDrawerController.h */,
				D26003E219345E5A003239FE /* UIViewController+MMDrawerController.m */,
			);
			path = MMDrawerController;
			sourceTree = "<group>";
		};
		D26003E719345E63003239FE /* KIImagePager */ = {
			isa = PBXGroup;
			children = (
				D26003E819345E63003239FE /* KICamera.png */,
				D26003E919345E63003239FE /* KICamera@2x.png */,
				D26003EA19345E63003239FE /* KIImagePager.h */,
				D26003EB19345E63003239FE /* KIImagePager.m */,
			);
			path = KIImagePager;
			sourceTree = "<group>";
		};
		D26003EF19345EFB003239FE /* Mixpanel */ = {
			isa = PBXGroup;
			children = (
				D26003F019345EFB003239FE /* Media.xcassets */,
				D26003F119345EFB003239FE /* Mixpanel.h */,
				D26003F219345EFB003239FE /* Mixpanel.m */,
				D26003F319345EFB003239FE /* MPCloseBtn.png */,
				D26003F419345EFB003239FE /* MPCloseBtn@2x.png */,
				D26003F519345EFB003239FE /* MPNotification.h */,
				D26003F619345EFB003239FE /* MPNotification.m */,
				D26003F719345EFB003239FE /* MPNotification.storyboard */,
				D26003F819345EFB003239FE /* MPNotificationViewController.h */,
				D26003F919345EFB003239FE /* MPNotificationViewController.m */,
				D26003FA19345EFB003239FE /* MPSurvey.h */,
				D26003FB19345EFB003239FE /* MPSurvey.m */,
				D26003FC19345EFB003239FE /* MPSurvey.storyboard */,
				D26003FD19345EFB003239FE /* MPSurveyNavigationController.h */,
				D26003FE19345EFB003239FE /* MPSurveyNavigationController.m */,
				D26003FF19345EFB003239FE /* MPSurveyQuestion.h */,
				D260040019345EFB003239FE /* MPSurveyQuestion.m */,
				D260040119345EFB003239FE /* MPSurveyQuestionViewController.h */,
				D260040219345EFB003239FE /* MPSurveyQuestionViewController.m */,
				D260040319345EFB003239FE /* NSData+MPBase64.h */,
				D260040419345EFB003239FE /* NSData+MPBase64.m */,
				D260040519345EFB003239FE /* UIColor+MPColor.h */,
				D260040619345EFB003239FE /* UIColor+MPColor.m */,
				D260040719345EFB003239FE /* UIImage+MPAverageColor.h */,
				D260040819345EFB003239FE /* UIImage+MPAverageColor.m */,
				D260040919345EFB003239FE /* UIImage+MPImageEffects.h */,
				D260040A19345EFB003239FE /* UIImage+MPImageEffects.m */,
				D260040B19345EFB003239FE /* UIView+MPSnapshotImage.h */,
				D260040C19345EFB003239FE /* UIView+MPSnapshotImage.m */,
			);
			path = Mixpanel;
			sourceTree = "<group>";
		};
		D2E16D84192BC7B8008DD0B0 /* Host Creation */ = {
			isa = PBXGroup;
			children = (
				D2E16D85192BC7E4008DD0B0 /* ExperienceTypeTableViewController.h */,
				D2E16D86192BC7E4008DD0B0 /* ExperienceTypeTableViewController.m */,
				D299B21F192BCD3100A47540 /* ExperienceCategoryTableViewController.h */,
				D299B220192BCD3100A47540 /* ExperienceCategoryTableViewController.m */,
				D2432C0B192BD11400A87951 /* ExperienceLocationTableViewController.h */,
				D2432C0C192BD11400A87951 /* ExperienceLocationTableViewController.m */,
				D2432C10192C236400A87951 /* UITableViewController+NextButtonSegue.h */,
				D2432C11192C236400A87951 /* UITableViewController+NextButtonSegue.m */,
				D2432C13192C24F200A87951 /* HostWhenTableViewController.h */,
				D2432C14192C24F200A87951 /* HostWhenTableViewController.m */,
				D2432C16192C251C00A87951 /* HostNumbersTableViewController.h */,
				D2432C17192C251C00A87951 /* HostNumbersTableViewController.m */,
				D2432C19192C253900A87951 /* HostDetailsTableViewController.h */,
				D2432C1A192C253900A87951 /* HostDetailsTableViewController.m */,
				D2BD7328192E8121007B73C5 /* ManaTableViewController.h */,
				D2BD7329192E8121007B73C5 /* ManaTableViewController.m */,
			);
			name = "Host Creation";
			sourceTree = "<group>";
		};
/* End PBXGroup section */

/* Begin PBXNativeTarget section */
		D209D1FE1923DA7200BE5F91 /* Mana */ = {
			isa = PBXNativeTarget;
			buildConfigurationList = D209D2341923DA7200BE5F91 /* Build configuration list for PBXNativeTarget "Mana" */;
			buildPhases = (
				D209D1FB1923DA7200BE5F91 /* Sources */,
				D209D1FC1923DA7200BE5F91 /* Frameworks */,
				D209D1FD1923DA7200BE5F91 /* Resources */,
			);
			buildRules = (
			);
			dependencies = (
			);
			name = Mana;
			productName = Mana;
			productReference = D209D1FF1923DA7200BE5F91 /* Mana.app */;
			productType = "com.apple.product-type.application";
		};
		D209D2221923DA7200BE5F91 /* ManaTests */ = {
			isa = PBXNativeTarget;
			buildConfigurationList = D209D2371923DA7200BE5F91 /* Build configuration list for PBXNativeTarget "ManaTests" */;
			buildPhases = (
				D209D21F1923DA7200BE5F91 /* Sources */,
				D209D2201923DA7200BE5F91 /* Frameworks */,
				D209D2211923DA7200BE5F91 /* Resources */,
			);
			buildRules = (
			);
			dependencies = (
				D209D2291923DA7200BE5F91 /* PBXTargetDependency */,
			);
			name = ManaTests;
			productName = ManaTests;
			productReference = D209D2231923DA7200BE5F91 /* ManaTests.xctest */;
			productType = "com.apple.product-type.bundle.unit-test";
		};
/* End PBXNativeTarget section */

/* Begin PBXProject section */
		D209D1F71923DA7200BE5F91 /* Project object */ = {
			isa = PBXProject;
			attributes = {
				LastUpgradeCheck = 0510;
				ORGANIZATIONNAME = "Scott Shebby";
				TargetAttributes = {
					D209D2221923DA7200BE5F91 = {
						TestTargetID = D209D1FE1923DA7200BE5F91;
					};
				};
			};
			buildConfigurationList = D209D1FA1923DA7200BE5F91 /* Build configuration list for PBXProject "Mana" */;
			compatibilityVersion = "Xcode 3.2";
			developmentRegion = English;
			hasScannedForEncodings = 0;
			knownRegions = (
				en,
				Base,
			);
			mainGroup = D209D1F61923DA7200BE5F91;
			productRefGroup = D209D2001923DA7200BE5F91 /* Products */;
			projectDirPath = "";
			projectRoot = "";
			targets = (
				D209D1FE1923DA7200BE5F91 /* Mana */,
				D209D2221923DA7200BE5F91 /* ManaTests */,
			);
		};
/* End PBXProject section */

/* Begin PBXResourcesBuildPhase section */
		D209D1FD1923DA7200BE5F91 /* Resources */ = {
			isa = PBXResourcesBuildPhase;
			buildActionMask = 2147483647;
			files = (
				D260040D19345EFB003239FE /* Media.xcassets in Resources */,
				D209D21E1923DA7200BE5F91 /* Images.xcassets in Resources */,
				D209D20D1923DA7200BE5F91 /* InfoPlist.strings in Resources */,
				D209D2161923DA7200BE5F91 /* Main.storyboard in Resources */,
				D2BD732E192E88D6007B73C5 /* pretty normal looking girl.jpg in Resources */,
				D260040F19345EFB003239FE /* MPCloseBtn.png in Resources */,
				D26003EC19345E63003239FE /* KICamera.png in Resources */,
				D2BD7334192ECC41007B73C5 /* ExperienceCard.xib in Resources */,
				D26003ED19345E63003239FE /* KICamera@2x.png in Resources */,
				D260041019345EFB003239FE /* MPCloseBtn@2x.png in Resources */,
				D2BD7332192EB921007B73C5 /* photo-background.png in Resources */,
				D260041519345EFB003239FE /* MPSurvey.storyboard in Resources */,
				D260041219345EFB003239FE /* MPNotification.storyboard in Resources */,
				D209D23D1923DAD500BE5F91 /* GoldenGateBridge-001.jpg in Resources */,
			);
			runOnlyForDeploymentPostprocessing = 0;
		};
		D209D2211923DA7200BE5F91 /* Resources */ = {
			isa = PBXResourcesBuildPhase;
			buildActionMask = 2147483647;
			files = (
				D209D22F1923DA7200BE5F91 /* InfoPlist.strings in Resources */,
			);
			runOnlyForDeploymentPostprocessing = 0;
		};
/* End PBXResourcesBuildPhase section */

/* Begin PBXSourcesBuildPhase section */
		D209D1FB1923DA7200BE5F91 /* Sources */ = {
			isa = PBXSourcesBuildPhase;
			buildActionMask = 2147483647;
			files = (
				D260041A19345EFB003239FE /* UIColor+MPColor.m in Sources */,
				D260041B19345EFB003239FE /* UIImage+MPAverageColor.m in Sources */,
				D2432C1B192C253900A87951 /* HostDetailsTableViewController.m in Sources */,
				D2FC8AAB19346213009D372C /* ManaProfileViewController.m in Sources */,
				D260041119345EFB003239FE /* MPNotification.m in Sources */,
				D209D2401923DB0300BE5F91 /* MonaFeedViewController.m in Sources */,
				D26003E419345E5A003239FE /* MMDrawerController.m in Sources */,
				D260040E19345EFB003239FE /* Mixpanel.m in Sources */,
				D2F8DB6C192FC1B70036E267 /* FeedViewController.m in Sources */,
				D260036F19344D71003239FE /* ManaNavigationViewController.m in Sources */,
				D2432C18192C251C00A87951 /* HostNumbersTableViewController.m in Sources */,
				D260041619345EFB003239FE /* MPSurveyNavigationController.m in Sources */,
				D2E16D87192BC7E4008DD0B0 /* ExperienceTypeTableViewController.m in Sources */,
				D260041919345EFB003239FE /* NSData+MPBase64.m in Sources */,
				D260041719345EFB003239FE /* MPSurveyQuestion.m in Sources */,
				D2432C12192C236400A87951 /* UITableViewController+NextButtonSegue.m in Sources */,
				D260041819345EFB003239FE /* MPSurveyQuestionViewController.m in Sources */,
				D260041D19345EFB003239FE /* UIView+MPSnapshotImage.m in Sources */,
				D26003E519345E5A003239FE /* MMDrawerVisualState.m in Sources */,
				D26003E319345E5A003239FE /* MMDrawerBarButtonItem.m in Sources */,
				D2432C0D192BD11400A87951 /* ExperienceLocationTableViewController.m in Sources */,
				D260041C19345EFB003239FE /* UIImage+MPImageEffects.m in Sources */,
				D26003721934506A003239FE /* ContentViewController.m in Sources */,
				D260041319345EFB003239FE /* MPNotificationViewController.m in Sources */,
				D260041419345EFB003239FE /* MPSurvey.m in Sources */,
				D299B221192BCD3100A47540 /* ExperienceCategoryTableViewController.m in Sources */,
				D209D2131923DA7200BE5F91 /* AppDelegate.m in Sources */,
				D26003EE19345E63003239FE /* KIImagePager.m in Sources */,
				D2432C15192C24F200A87951 /* HostWhenTableViewController.m in Sources */,
				D26003E619345E5A003239FE /* UIViewController+MMDrawerController.m in Sources */,
				D2BD732A192E8121007B73C5 /* ManaTableViewController.m in Sources */,
				D209D20F1923DA7200BE5F91 /* main.m in Sources */,
			);
			runOnlyForDeploymentPostprocessing = 0;
		};
		D209D21F1923DA7200BE5F91 /* Sources */ = {
			isa = PBXSourcesBuildPhase;
			buildActionMask = 2147483647;
			files = (
				D209D2311923DA7200BE5F91 /* ManaTests.m in Sources */,
			);
			runOnlyForDeploymentPostprocessing = 0;
		};
/* End PBXSourcesBuildPhase section */

/* Begin PBXTargetDependency section */
		D209D2291923DA7200BE5F91 /* PBXTargetDependency */ = {
			isa = PBXTargetDependency;
			target = D209D1FE1923DA7200BE5F91 /* Mana */;
			targetProxy = D209D2281923DA7200BE5F91 /* PBXContainerItemProxy */;
		};
/* End PBXTargetDependency section */

/* Begin PBXVariantGroup section */
		D209D20B1923DA7200BE5F91 /* InfoPlist.strings */ = {
			isa = PBXVariantGroup;
			children = (
				D209D20C1923DA7200BE5F91 /* en */,
			);
			name = InfoPlist.strings;
			sourceTree = "<group>";
		};
		D209D2141923DA7200BE5F91 /* Main.storyboard */ = {
			isa = PBXVariantGroup;
			children = (
				D209D2151923DA7200BE5F91 /* Base */,
			);
			name = Main.storyboard;
			path = Mana;
			sourceTree = "<group>";
		};
		D209D22D1923DA7200BE5F91 /* InfoPlist.strings */ = {
			isa = PBXVariantGroup;
			children = (
				D209D22E1923DA7200BE5F91 /* en */,
			);
			name = InfoPlist.strings;
			sourceTree = "<group>";
		};
/* End PBXVariantGroup section */

/* Begin XCBuildConfiguration section */
		D209D2321923DA7200BE5F91 /* Debug */ = {
			isa = XCBuildConfiguration;
			buildSettings = {
				ALWAYS_SEARCH_USER_PATHS = NO;
				CLANG_CXX_LANGUAGE_STANDARD = "gnu++0x";
				CLANG_CXX_LIBRARY = "libc++";
				CLANG_ENABLE_MODULES = YES;
				CLANG_ENABLE_OBJC_ARC = YES;
				CLANG_WARN_BOOL_CONVERSION = YES;
				CLANG_WARN_CONSTANT_CONVERSION = YES;
				CLANG_WARN_DIRECT_OBJC_ISA_USAGE = YES_ERROR;
				CLANG_WARN_EMPTY_BODY = YES;
				CLANG_WARN_ENUM_CONVERSION = YES;
				CLANG_WARN_INT_CONVERSION = YES;
				CLANG_WARN_OBJC_ROOT_CLASS = YES_ERROR;
				CLANG_WARN__DUPLICATE_METHOD_MATCH = YES;
				"CODE_SIGN_IDENTITY[sdk=iphoneos*]" = "iPhone Developer";
				COPY_PHASE_STRIP = NO;
				GCC_C_LANGUAGE_STANDARD = gnu99;
				GCC_DYNAMIC_NO_PIC = NO;
				GCC_OPTIMIZATION_LEVEL = 0;
				GCC_PREPROCESSOR_DEFINITIONS = (
					"DEBUG=1",
					"$(inherited)",
				);
				GCC_SYMBOLS_PRIVATE_EXTERN = NO;
				GCC_WARN_64_TO_32_BIT_CONVERSION = YES;
				GCC_WARN_ABOUT_RETURN_TYPE = YES_ERROR;
				GCC_WARN_UNDECLARED_SELECTOR = YES;
				GCC_WARN_UNINITIALIZED_AUTOS = YES_AGGRESSIVE;
				GCC_WARN_UNUSED_FUNCTION = YES;
				GCC_WARN_UNUSED_VARIABLE = YES;
				IPHONEOS_DEPLOYMENT_TARGET = 7.1;
				ONLY_ACTIVE_ARCH = YES;
				SDKROOT = iphoneos;
			};
			name = Debug;
		};
		D209D2331923DA7200BE5F91 /* Release */ = {
			isa = XCBuildConfiguration;
			buildSettings = {
				ALWAYS_SEARCH_USER_PATHS = NO;
				CLANG_CXX_LANGUAGE_STANDARD = "gnu++0x";
				CLANG_CXX_LIBRARY = "libc++";
				CLANG_ENABLE_MODULES = YES;
				CLANG_ENABLE_OBJC_ARC = YES;
				CLANG_WARN_BOOL_CONVERSION = YES;
				CLANG_WARN_CONSTANT_CONVERSION = YES;
				CLANG_WARN_DIRECT_OBJC_ISA_USAGE = YES_ERROR;
				CLANG_WARN_EMPTY_BODY = YES;
				CLANG_WARN_ENUM_CONVERSION = YES;
				CLANG_WARN_INT_CONVERSION = YES;
				CLANG_WARN_OBJC_ROOT_CLASS = YES_ERROR;
				CLANG_WARN__DUPLICATE_METHOD_MATCH = YES;
				"CODE_SIGN_IDENTITY[sdk=iphoneos*]" = "iPhone Developer";
				COPY_PHASE_STRIP = YES;
				ENABLE_NS_ASSERTIONS = NO;
				GCC_C_LANGUAGE_STANDARD = gnu99;
				GCC_WARN_64_TO_32_BIT_CONVERSION = YES;
				GCC_WARN_ABOUT_RETURN_TYPE = YES_ERROR;
				GCC_WARN_UNDECLARED_SELECTOR = YES;
				GCC_WARN_UNINITIALIZED_AUTOS = YES_AGGRESSIVE;
				GCC_WARN_UNUSED_FUNCTION = YES;
				GCC_WARN_UNUSED_VARIABLE = YES;
				IPHONEOS_DEPLOYMENT_TARGET = 7.1;
				SDKROOT = iphoneos;
				VALIDATE_PRODUCT = YES;
			};
			name = Release;
		};
		D209D2351923DA7200BE5F91 /* Debug */ = {
			isa = XCBuildConfiguration;
			buildSettings = {
				ASSETCATALOG_COMPILER_APPICON_NAME = AppIcon;
				ASSETCATALOG_COMPILER_LAUNCHIMAGE_NAME = LaunchImage;
				FRAMEWORK_SEARCH_PATHS = (
					"$(inherited)",
					"$(PROJECT_DIR)",
				);
				GCC_PRECOMPILE_PREFIX_HEADER = YES;
				GCC_PREFIX_HEADER = "Mana/Mana-Prefix.pch";
				INFOPLIST_FILE = "Mana/Mana-Info.plist";
				PRODUCT_NAME = "$(TARGET_NAME)";
				WRAPPER_EXTENSION = app;
			};
			name = Debug;
		};
		D209D2361923DA7200BE5F91 /* Release */ = {
			isa = XCBuildConfiguration;
			buildSettings = {
				ASSETCATALOG_COMPILER_APPICON_NAME = AppIcon;
				ASSETCATALOG_COMPILER_LAUNCHIMAGE_NAME = LaunchImage;
				FRAMEWORK_SEARCH_PATHS = (
					"$(inherited)",
					"$(PROJECT_DIR)",
				);
				GCC_PRECOMPILE_PREFIX_HEADER = YES;
				GCC_PREFIX_HEADER = "Mana/Mana-Prefix.pch";
				INFOPLIST_FILE = "Mana/Mana-Info.plist";
				PRODUCT_NAME = "$(TARGET_NAME)";
				WRAPPER_EXTENSION = app;
			};
			name = Release;
		};
		D209D2381923DA7200BE5F91 /* Debug */ = {
			isa = XCBuildConfiguration;
			buildSettings = {
				BUNDLE_LOADER = "$(BUILT_PRODUCTS_DIR)/Mana.app/Mana";
				FRAMEWORK_SEARCH_PATHS = (
					"$(SDKROOT)/Developer/Library/Frameworks",
					"$(inherited)",
					"$(DEVELOPER_FRAMEWORKS_DIR)",
				);
				GCC_PRECOMPILE_PREFIX_HEADER = YES;
				GCC_PREFIX_HEADER = "Mana/Mana-Prefix.pch";
				GCC_PREPROCESSOR_DEFINITIONS = (
					"DEBUG=1",
					"$(inherited)",
				);
				INFOPLIST_FILE = "ManaTests/ManaTests-Info.plist";
				PRODUCT_NAME = "$(TARGET_NAME)";
				TEST_HOST = "$(BUNDLE_LOADER)";
				WRAPPER_EXTENSION = xctest;
			};
			name = Debug;
		};
		D209D2391923DA7200BE5F91 /* Release */ = {
			isa = XCBuildConfiguration;
			buildSettings = {
				BUNDLE_LOADER = "$(BUILT_PRODUCTS_DIR)/Mana.app/Mana";
				FRAMEWORK_SEARCH_PATHS = (
					"$(SDKROOT)/Developer/Library/Frameworks",
					"$(inherited)",
					"$(DEVELOPER_FRAMEWORKS_DIR)",
				);
				GCC_PRECOMPILE_PREFIX_HEADER = YES;
				GCC_PREFIX_HEADER = "Mana/Mana-Prefix.pch";
				INFOPLIST_FILE = "ManaTests/ManaTests-Info.plist";
				PRODUCT_NAME = "$(TARGET_NAME)";
				TEST_HOST = "$(BUNDLE_LOADER)";
				WRAPPER_EXTENSION = xctest;
			};
			name = Release;
		};
/* End XCBuildConfiguration section */

/* Begin XCConfigurationList section */
		D209D1FA1923DA7200BE5F91 /* Build configuration list for PBXProject "Mana" */ = {
			isa = XCConfigurationList;
			buildConfigurations = (
				D209D2321923DA7200BE5F91 /* Debug */,
				D209D2331923DA7200BE5F91 /* Release */,
			);
			defaultConfigurationIsVisible = 0;
			defaultConfigurationName = Release;
		};
		D209D2341923DA7200BE5F91 /* Build configuration list for PBXNativeTarget "Mana" */ = {
			isa = XCConfigurationList;
			buildConfigurations = (
				D209D2351923DA7200BE5F91 /* Debug */,
				D209D2361923DA7200BE5F91 /* Release */,
			);
			defaultConfigurationIsVisible = 0;
			defaultConfigurationName = Release;
		};
		D209D2371923DA7200BE5F91 /* Build configuration list for PBXNativeTarget "ManaTests" */ = {
			isa = XCConfigurationList;
			buildConfigurations = (
				D209D2381923DA7200BE5F91 /* Debug */,
				D209D2391923DA7200BE5F91 /* Release */,
			);
			defaultConfigurationIsVisible = 0;
			defaultConfigurationName = Release;
		};
/* End XCConfigurationList section */
	};
	rootObject = D209D1F71923DA7200BE5F91 /* Project object */;
}
