// !$*UTF8*$!
{
	archiveVersion = 1;
	classes = {
	};
	objectVersion = 46;
	objects = {

/* Begin PBXBuildFile section */
		D209D2031923DA7200BE5F91 /* Foundation.framework in Frameworks */ = {isa = PBXBuildFile; fileRef = D209D2021923DA7200BE5F91 /* Foundation.framework */; };
		D209D2051923DA7200BE5F91 /* CoreGraphics.framework in Frameworks */ = {isa = PBXBuildFile; fileRef = D209D2041923DA7200BE5F91 /* CoreGraphics.framework */; };
		D209D2071923DA7200BE5F91 /* UIKit.framework in Frameworks */ = {isa = PBXBuildFile; fileRef = D209D2061923DA7200BE5F91 /* UIKit.framework */; };
		D209D20D1923DA7200BE5F91 /* InfoPlist.strings in Resources */ = {isa = PBXBuildFile; fileRef = D209D20B1923DA7200BE5F91 /* InfoPlist.strings */; };
		D209D20F1923DA7200BE5F91 /* main.m in Sources */ = {isa = PBXBuildFile; fileRef = D209D20E1923DA7200BE5F91 /* main.m */; };
		D209D2131923DA7200BE5F91 /* AppDelegate.m in Sources */ = {isa = PBXBuildFile; fileRef = D209D2121923DA7200BE5F91 /* AppDelegate.m */; };
		D209D2161923DA7200BE5F91 /* Main.storyboard in Resources */ = {isa = PBXBuildFile; fileRef = D209D2141923DA7200BE5F91 /* Main.storyboard */; };
		D209D2191923DA7200BE5F91 /* FirstViewController.m in Sources */ = {isa = PBXBuildFile; fileRef = D209D2181923DA7200BE5F91 /* FirstViewController.m */; };
		D209D21C1923DA7200BE5F91 /* SecondViewController.m in Sources */ = {isa = PBXBuildFile; fileRef = D209D21B1923DA7200BE5F91 /* SecondViewController.m */; };
		D209D21E1923DA7200BE5F91 /* Images.xcassets in Resources */ = {isa = PBXBuildFile; fileRef = D209D21D1923DA7200BE5F91 /* Images.xcassets */; };
		D209D2251923DA7200BE5F91 /* XCTest.framework in Frameworks */ = {isa = PBXBuildFile; fileRef = D209D2241923DA7200BE5F91 /* XCTest.framework */; };
		D209D2261923DA7200BE5F91 /* Foundation.framework in Frameworks */ = {isa = PBXBuildFile; fileRef = D209D2021923DA7200BE5F91 /* Foundation.framework */; };
		D209D2271923DA7200BE5F91 /* UIKit.framework in Frameworks */ = {isa = PBXBuildFile; fileRef = D209D2061923DA7200BE5F91 /* UIKit.framework */; };
		D209D22F1923DA7200BE5F91 /* InfoPlist.strings in Resources */ = {isa = PBXBuildFile; fileRef = D209D22D1923DA7200BE5F91 /* InfoPlist.strings */; };
		D209D2311923DA7200BE5F91 /* ManaTests.m in Sources */ = {isa = PBXBuildFile; fileRef = D209D2301923DA7200BE5F91 /* ManaTests.m */; };
		D209D23D1923DAD500BE5F91 /* GoldenGateBridge-001.jpg in Resources */ = {isa = PBXBuildFile; fileRef = D209D23C1923DAD500BE5F91 /* GoldenGateBridge-001.jpg */; };
		D209D2401923DB0300BE5F91 /* MonaFeedViewController.m in Sources */ = {isa = PBXBuildFile; fileRef = D209D23F1923DB0300BE5F91 /* MonaFeedViewController.m */; };
		D2432C0D192BD11400A87951 /* ExperienceLocationTableViewController.m in Sources */ = {isa = PBXBuildFile; fileRef = D2432C0C192BD11400A87951 /* ExperienceLocationTableViewController.m */; };
		D2432C0F192BD19E00A87951 /* MapKit.framework in Frameworks */ = {isa = PBXBuildFile; fileRef = D2432C0E192BD19E00A87951 /* MapKit.framework */; };
		D2432C12192C236400A87951 /* UITableViewController+NextButtonSegue.m in Sources */ = {isa = PBXBuildFile; fileRef = D2432C11192C236400A87951 /* UITableViewController+NextButtonSegue.m */; };
		D2432C15192C24F200A87951 /* HostWhenTableViewController.m in Sources */ = {isa = PBXBuildFile; fileRef = D2432C14192C24F200A87951 /* HostWhenTableViewController.m */; };
		D2432C18192C251C00A87951 /* HostNumbersTableViewController.m in Sources */ = {isa = PBXBuildFile; fileRef = D2432C17192C251C00A87951 /* HostNumbersTableViewController.m */; };
		D2432C1B192C253900A87951 /* HostDetailsTableViewController.m in Sources */ = {isa = PBXBuildFile; fileRef = D2432C1A192C253900A87951 /* HostDetailsTableViewController.m */; };
		D299B221192BCD3100A47540 /* ExperienceCategoryTableViewController.m in Sources */ = {isa = PBXBuildFile; fileRef = D299B220192BCD3100A47540 /* ExperienceCategoryTableViewController.m */; };
		D2BD732A192E8121007B73C5 /* ManaTableViewController.m in Sources */ = {isa = PBXBuildFile; fileRef = D2BD7329192E8121007B73C5 /* ManaTableViewController.m */; };
		D2BD732E192E88D6007B73C5 /* pretty normal looking girl.jpg in Resources */ = {isa = PBXBuildFile; fileRef = D2BD732D192E88D6007B73C5 /* pretty normal looking girl.jpg */; };
		D2BD7332192EB921007B73C5 /* photo-background.png in Resources */ = {isa = PBXBuildFile; fileRef = D2BD7331192EB921007B73C5 /* photo-background.png */; };
		D2BD7334192ECC41007B73C5 /* ExperienceCard.xib in Resources */ = {isa = PBXBuildFile; fileRef = D2BD7333192ECC41007B73C5 /* ExperienceCard.xib */; };
		D2E16D87192BC7E4008DD0B0 /* ExperienceTypeTableViewController.m in Sources */ = {isa = PBXBuildFile; fileRef = D2E16D86192BC7E4008DD0B0 /* ExperienceTypeTableViewController.m */; };
/* End PBXBuildFile section */

/* Begin PBXContainerItemProxy section */
		D209D2281923DA7200BE5F91 /* PBXContainerItemProxy */ = {
			isa = PBXContainerItemProxy;
			containerPortal = D209D1F71923DA7200BE5F91 /* Project object */;
			proxyType = 1;
			remoteGlobalIDString = D209D1FE1923DA7200BE5F91;
			remoteInfo = Mana;
		};
/* End PBXContainerItemProxy section */

/* Begin PBXFileReference section */
		D209D1FF1923DA7200BE5F91 /* Mana.app */ = {isa = PBXFileReference; explicitFileType = wrapper.application; includeInIndex = 0; path = Mana.app; sourceTree = BUILT_PRODUCTS_DIR; };
		D209D2021923DA7200BE5F91 /* Foundation.framework */ = {isa = PBXFileReference; lastKnownFileType = wrapper.framework; name = Foundation.framework; path = System/Library/Frameworks/Foundation.framework; sourceTree = SDKROOT; };
		D209D2041923DA7200BE5F91 /* CoreGraphics.framework */ = {isa = PBXFileReference; lastKnownFileType = wrapper.framework; name = CoreGraphics.framework; path = System/Library/Frameworks/CoreGraphics.framework; sourceTree = SDKROOT; };
		D209D2061923DA7200BE5F91 /* UIKit.framework */ = {isa = PBXFileReference; lastKnownFileType = wrapper.framework; name = UIKit.framework; path = System/Library/Frameworks/UIKit.framework; sourceTree = SDKROOT; };
		D209D20A1923DA7200BE5F91 /* Mana-Info.plist */ = {isa = PBXFileReference; lastKnownFileType = text.plist.xml; path = "Mana-Info.plist"; sourceTree = "<group>"; };
		D209D20C1923DA7200BE5F91 /* en */ = {isa = PBXFileReference; lastKnownFileType = text.plist.strings; name = en; path = en.lproj/InfoPlist.strings; sourceTree = "<group>"; };
		D209D20E1923DA7200BE5F91 /* main.m */ = {isa = PBXFileReference; lastKnownFileType = sourcecode.c.objc; path = main.m; sourceTree = "<group>"; };
		D209D2101923DA7200BE5F91 /* Mana-Prefix.pch */ = {isa = PBXFileReference; lastKnownFileType = sourcecode.c.h; path = "Mana-Prefix.pch"; sourceTree = "<group>"; };
		D209D2111923DA7200BE5F91 /* AppDelegate.h */ = {isa = PBXFileReference; lastKnownFileType = sourcecode.c.h; path = AppDelegate.h; sourceTree = "<group>"; };
		D209D2121923DA7200BE5F91 /* AppDelegate.m */ = {isa = PBXFileReference; lastKnownFileType = sourcecode.c.objc; path = AppDelegate.m; sourceTree = "<group>"; };
		D209D2151923DA7200BE5F91 /* Base */ = {isa = PBXFileReference; lastKnownFileType = file.storyboard; name = Base; path = Base.lproj/Main.storyboard; sourceTree = "<group>"; };
		D209D2171923DA7200BE5F91 /* FirstViewController.h */ = {isa = PBXFileReference; lastKnownFileType = sourcecode.c.h; path = FirstViewController.h; sourceTree = "<group>"; };
		D209D2181923DA7200BE5F91 /* FirstViewController.m */ = {isa = PBXFileReference; lastKnownFileType = sourcecode.c.objc; path = FirstViewController.m; sourceTree = "<group>"; };
		D209D21A1923DA7200BE5F91 /* SecondViewController.h */ = {isa = PBXFileReference; lastKnownFileType = sourcecode.c.h; path = SecondViewController.h; sourceTree = "<group>"; };
		D209D21B1923DA7200BE5F91 /* SecondViewController.m */ = {isa = PBXFileReference; lastKnownFileType = sourcecode.c.objc; path = SecondViewController.m; sourceTree = "<group>"; };
		D209D21D1923DA7200BE5F91 /* Images.xcassets */ = {isa = PBXFileReference; lastKnownFileType = folder.assetcatalog; name = Images.xcassets; path = Mana/Images.xcassets; sourceTree = "<group>"; };
		D209D2231923DA7200BE5F91 /* ManaTests.xctest */ = {isa = PBXFileReference; explicitFileType = wrapper.cfbundle; includeInIndex = 0; path = ManaTests.xctest; sourceTree = BUILT_PRODUCTS_DIR; };
		D209D2241923DA7200BE5F91 /* XCTest.framework */ = {isa = PBXFileReference; lastKnownFileType = wrapper.framework; name = XCTest.framework; path = Library/Frameworks/XCTest.framework; sourceTree = DEVELOPER_DIR; };
		D209D22C1923DA7200BE5F91 /* ManaTests-Info.plist */ = {isa = PBXFileReference; lastKnownFileType = text.plist.xml; path = "ManaTests-Info.plist"; sourceTree = "<group>"; };
		D209D22E1923DA7200BE5F91 /* en */ = {isa = PBXFileReference; lastKnownFileType = text.plist.strings; name = en; path = en.lproj/InfoPlist.strings; sourceTree = "<group>"; };
		D209D2301923DA7200BE5F91 /* ManaTests.m */ = {isa = PBXFileReference; lastKnownFileType = sourcecode.c.objc; path = ManaTests.m; sourceTree = "<group>"; };
		D209D23C1923DAD500BE5F91 /* GoldenGateBridge-001.jpg */ = {isa = PBXFileReference; lastKnownFileType = image.jpeg; path = "GoldenGateBridge-001.jpg"; sourceTree = "<group>"; };
		D209D23E1923DB0300BE5F91 /* MonaFeedViewController.h */ = {isa = PBXFileReference; fileEncoding = 4; lastKnownFileType = sourcecode.c.h; path = MonaFeedViewController.h; sourceTree = "<group>"; };
		D209D23F1923DB0300BE5F91 /* MonaFeedViewController.m */ = {isa = PBXFileReference; fileEncoding = 4; lastKnownFileType = sourcecode.c.objc; path = MonaFeedViewController.m; sourceTree = "<group>"; };
		D2432C0B192BD11400A87951 /* ExperienceLocationTableViewController.h */ = {isa = PBXFileReference; fileEncoding = 4; lastKnownFileType = sourcecode.c.h; path = ExperienceLocationTableViewController.h; sourceTree = "<group>"; };
		D2432C0C192BD11400A87951 /* ExperienceLocationTableViewController.m */ = {isa = PBXFileReference; fileEncoding = 4; lastKnownFileType = sourcecode.c.objc; path = ExperienceLocationTableViewController.m; sourceTree = "<group>"; };
		D2432C0E192BD19E00A87951 /* MapKit.framework */ = {isa = PBXFileReference; lastKnownFileType = wrapper.framework; name = MapKit.framework; path = System/Library/Frameworks/MapKit.framework; sourceTree = SDKROOT; };
		D2432C10192C236400A87951 /* UITableViewController+NextButtonSegue.h */ = {isa = PBXFileReference; fileEncoding = 4; lastKnownFileType = sourcecode.c.h; path = "UITableViewController+NextButtonSegue.h"; sourceTree = "<group>"; };
		D2432C11192C236400A87951 /* UITableViewController+NextButtonSegue.m */ = {isa = PBXFileReference; fileEncoding = 4; lastKnownFileType = sourcecode.c.objc; path = "UITableViewController+NextButtonSegue.m"; sourceTree = "<group>"; };
		D2432C13192C24F200A87951 /* HostWhenTableViewController.h */ = {isa = PBXFileReference; fileEncoding = 4; lastKnownFileType = sourcecode.c.h; path = HostWhenTableViewController.h; sourceTree = "<group>"; };
		D2432C14192C24F200A87951 /* HostWhenTableViewController.m */ = {isa = PBXFileReference; fileEncoding = 4; lastKnownFileType = sourcecode.c.objc; path = HostWhenTableViewController.m; sourceTree = "<group>"; };
		D2432C16192C251C00A87951 /* HostNumbersTableViewController.h */ = {isa = PBXFileReference; fileEncoding = 4; lastKnownFileType = sourcecode.c.h; path = HostNumbersTableViewController.h; sourceTree = "<group>"; };
		D2432C17192C251C00A87951 /* HostNumbersTableViewController.m */ = {isa = PBXFileReference; fileEncoding = 4; lastKnownFileType = sourcecode.c.objc; path = HostNumbersTableViewController.m; sourceTree = "<group>"; };
		D2432C19192C253900A87951 /* HostDetailsTableViewController.h */ = {isa = PBXFileReference; fileEncoding = 4; lastKnownFileType = sourcecode.c.h; path = HostDetailsTableViewController.h; sourceTree = "<group>"; };
		D2432C1A192C253900A87951 /* HostDetailsTableViewController.m */ = {isa = PBXFileReference; fileEncoding = 4; lastKnownFileType = sourcecode.c.objc; path = HostDetailsTableViewController.m; sourceTree = "<group>"; };
		D299B21F192BCD3100A47540 /* ExperienceCategoryTableViewController.h */ = {isa = PBXFileReference; fileEncoding = 4; lastKnownFileType = sourcecode.c.h; path = ExperienceCategoryTableViewController.h; sourceTree = "<group>"; };
		D299B220192BCD3100A47540 /* ExperienceCategoryTableViewController.m */ = {isa = PBXFileReference; fileEncoding = 4; lastKnownFileType = sourcecode.c.objc; path = ExperienceCategoryTableViewController.m; sourceTree = "<group>"; };
		D2BD7328192E8121007B73C5 /* ManaTableViewController.h */ = {isa = PBXFileReference; fileEncoding = 4; lastKnownFileType = sourcecode.c.h; path = ManaTableViewController.h; sourceTree = "<group>"; };
		D2BD7329192E8121007B73C5 /* ManaTableViewController.m */ = {isa = PBXFileReference; fileEncoding = 4; lastKnownFileType = sourcecode.c.objc; path = ManaTableViewController.m; sourceTree = "<group>"; };
		D2BD732D192E88D6007B73C5 /* pretty normal looking girl.jpg */ = {isa = PBXFileReference; lastKnownFileType = image.jpeg; path = "pretty normal looking girl.jpg"; sourceTree = "<group>"; };
		D2BD7331192EB921007B73C5 /* photo-background.png */ = {isa = PBXFileReference; lastKnownFileType = image.png; path = "photo-background.png"; sourceTree = "<group>"; };
		D2BD7333192ECC41007B73C5 /* ExperienceCard.xib */ = {isa = PBXFileReference; fileEncoding = 4; lastKnownFileType = file.xib; path = ExperienceCard.xib; sourceTree = "<group>"; };
		D2E16D85192BC7E4008DD0B0 /* ExperienceTypeTableViewController.h */ = {isa = PBXFileReference; fileEncoding = 4; lastKnownFileType = sourcecode.c.h; path = ExperienceTypeTableViewController.h; sourceTree = "<group>"; };
		D2E16D86192BC7E4008DD0B0 /* ExperienceTypeTableViewController.m */ = {isa = PBXFileReference; fileEncoding = 4; lastKnownFileType = sourcecode.c.objc; path = ExperienceTypeTableViewController.m; sourceTree = "<group>"; };
/* End PBXFileReference section */

/* Begin PBXFrameworksBuildPhase section */
		D209D1FC1923DA7200BE5F91 /* Frameworks */ = {
			isa = PBXFrameworksBuildPhase;
			buildActionMask = 2147483647;
			files = (
				D2432C0F192BD19E00A87951 /* MapKit.framework in Frameworks */,
				D209D2051923DA7200BE5F91 /* CoreGraphics.framework in Frameworks */,
				D209D2071923DA7200BE5F91 /* UIKit.framework in Frameworks */,
				D209D2031923DA7200BE5F91 /* Foundation.framework in Frameworks */,
			);
			runOnlyForDeploymentPostprocessing = 0;
		};
		D209D2201923DA7200BE5F91 /* Frameworks */ = {
			isa = PBXFrameworksBuildPhase;
			buildActionMask = 2147483647;
			files = (
				D209D2251923DA7200BE5F91 /* XCTest.framework in Frameworks */,
				D209D2271923DA7200BE5F91 /* UIKit.framework in Frameworks */,
				D209D2261923DA7200BE5F91 /* Foundation.framework in Frameworks */,
			);
			runOnlyForDeploymentPostprocessing = 0;
		};
/* End PBXFrameworksBuildPhase section */

/* Begin PBXGroup section */
		D209D1F61923DA7200BE5F91 = {
			isa = PBXGroup;
			children = (
				D2BD7333192ECC41007B73C5 /* ExperienceCard.xib */,
				D209D2141923DA7200BE5F91 /* Main.storyboard */,
				D2BD732D192E88D6007B73C5 /* pretty normal looking girl.jpg */,
				D2BD7331192EB921007B73C5 /* photo-background.png */,
				D209D21D1923DA7200BE5F91 /* Images.xcassets */,
				D209D2081923DA7200BE5F91 /* Mana */,
				D209D22A1923DA7200BE5F91 /* ManaTests */,
				D209D2011923DA7200BE5F91 /* Frameworks */,
				D209D2001923DA7200BE5F91 /* Products */,
			);
			sourceTree = "<group>";
		};
		D209D2001923DA7200BE5F91 /* Products */ = {
			isa = PBXGroup;
			children = (
				D209D1FF1923DA7200BE5F91 /* Mana.app */,
				D209D2231923DA7200BE5F91 /* ManaTests.xctest */,
			);
			name = Products;
			sourceTree = "<group>";
		};
		D209D2011923DA7200BE5F91 /* Frameworks */ = {
			isa = PBXGroup;
			children = (
				D2432C0E192BD19E00A87951 /* MapKit.framework */,
				D209D2021923DA7200BE5F91 /* Foundation.framework */,
				D209D2041923DA7200BE5F91 /* CoreGraphics.framework */,
				D209D2061923DA7200BE5F91 /* UIKit.framework */,
				D209D2241923DA7200BE5F91 /* XCTest.framework */,
			);
			name = Frameworks;
			sourceTree = "<group>";
		};
		D209D2081923DA7200BE5F91 /* Mana */ = {
			isa = PBXGroup;
			children = (
				D2E16D84192BC7B8008DD0B0 /* Host Creation */,
				D209D23E1923DB0300BE5F91 /* MonaFeedViewController.h */,
				D209D23F1923DB0300BE5F91 /* MonaFeedViewController.m */,
				D209D23C1923DAD500BE5F91 /* GoldenGateBridge-001.jpg */,
				D209D2111923DA7200BE5F91 /* AppDelegate.h */,
				D209D2121923DA7200BE5F91 /* AppDelegate.m */,
				D209D2171923DA7200BE5F91 /* FirstViewController.h */,
				D209D2181923DA7200BE5F91 /* FirstViewController.m */,
				D209D21A1923DA7200BE5F91 /* SecondViewController.h */,
				D209D21B1923DA7200BE5F91 /* SecondViewController.m */,
				D209D2091923DA7200BE5F91 /* Supporting Files */,
			);
			path = Mana;
			sourceTree = "<group>";
		};
		D209D2091923DA7200BE5F91 /* Supporting Files */ = {
			isa = PBXGroup;
			children = (
				D209D20A1923DA7200BE5F91 /* Mana-Info.plist */,
				D209D20B1923DA7200BE5F91 /* InfoPlist.strings */,
				D209D20E1923DA7200BE5F91 /* main.m */,
				D209D2101923DA7200BE5F91 /* Mana-Prefix.pch */,
			);
			name = "Supporting Files";
			sourceTree = "<group>";
		};
		D209D22A1923DA7200BE5F91 /* ManaTests */ = {
			isa = PBXGroup;
			children = (
				D209D2301923DA7200BE5F91 /* ManaTests.m */,
				D209D22B1923DA7200BE5F91 /* Supporting Files */,
			);
			path = ManaTests;
			sourceTree = "<group>";
		};
		D209D22B1923DA7200BE5F91 /* Supporting Files */ = {
			isa = PBXGroup;
			children = (
				D209D22C1923DA7200BE5F91 /* ManaTests-Info.plist */,
				D209D22D1923DA7200BE5F91 /* InfoPlist.strings */,
			);
			name = "Supporting Files";
			sourceTree = "<group>";
		};
		D2E16D84192BC7B8008DD0B0 /* Host Creation */ = {
			isa = PBXGroup;
			children = (
				D2E16D85192BC7E4008DD0B0 /* ExperienceTypeTableViewController.h */,
				D2E16D86192BC7E4008DD0B0 /* ExperienceTypeTableViewController.m */,
				D299B21F192BCD3100A47540 /* ExperienceCategoryTableViewController.h */,
				D299B220192BCD3100A47540 /* ExperienceCategoryTableViewController.m */,
				D2432C0B192BD11400A87951 /* ExperienceLocationTableViewController.h */,
				D2432C0C192BD11400A87951 /* ExperienceLocationTableViewController.m */,
				D2432C10192C236400A87951 /* UITableViewController+NextButtonSegue.h */,
				D2432C11192C236400A87951 /* UITableViewController+NextButtonSegue.m */,
				D2432C13192C24F200A87951 /* HostWhenTableViewController.h */,
				D2432C14192C24F200A87951 /* HostWhenTableViewController.m */,
				D2432C16192C251C00A87951 /* HostNumbersTableViewController.h */,
				D2432C17192C251C00A87951 /* HostNumbersTableViewController.m */,
				D2432C19192C253900A87951 /* HostDetailsTableViewController.h */,
				D2432C1A192C253900A87951 /* HostDetailsTableViewController.m */,
				D2BD7328192E8121007B73C5 /* ManaTableViewController.h */,
				D2BD7329192E8121007B73C5 /* ManaTableViewController.m */,
			);
			name = "Host Creation";
			sourceTree = "<group>";
		};
/* End PBXGroup section */

/* Begin PBXNativeTarget section */
		D209D1FE1923DA7200BE5F91 /* Mana */ = {
			isa = PBXNativeTarget;
			buildConfigurationList = D209D2341923DA7200BE5F91 /* Build configuration list for PBXNativeTarget "Mana" */;
			buildPhases = (
				D209D1FB1923DA7200BE5F91 /* Sources */,
				D209D1FC1923DA7200BE5F91 /* Frameworks */,
				D209D1FD1923DA7200BE5F91 /* Resources */,
			);
			buildRules = (
			);
			dependencies = (
			);
			name = Mana;
			productName = Mana;
			productReference = D209D1FF1923DA7200BE5F91 /* Mana.app */;
			productType = "com.apple.product-type.application";
		};
		D209D2221923DA7200BE5F91 /* ManaTests */ = {
			isa = PBXNativeTarget;
			buildConfigurationList = D209D2371923DA7200BE5F91 /* Build configuration list for PBXNativeTarget "ManaTests" */;
			buildPhases = (
				D209D21F1923DA7200BE5F91 /* Sources */,
				D209D2201923DA7200BE5F91 /* Frameworks */,
				D209D2211923DA7200BE5F91 /* Resources */,
			);
			buildRules = (
			);
			dependencies = (
				D209D2291923DA7200BE5F91 /* PBXTargetDependency */,
			);
			name = ManaTests;
			productName = ManaTests;
			productReference = D209D2231923DA7200BE5F91 /* ManaTests.xctest */;
			productType = "com.apple.product-type.bundle.unit-test";
		};
/* End PBXNativeTarget section */

/* Begin PBXProject section */
		D209D1F71923DA7200BE5F91 /* Project object */ = {
			isa = PBXProject;
			attributes = {
				LastUpgradeCheck = 0510;
				ORGANIZATIONNAME = "Scott Shebby";
				TargetAttributes = {
					D209D2221923DA7200BE5F91 = {
						TestTargetID = D209D1FE1923DA7200BE5F91;
					};
				};
			};
			buildConfigurationList = D209D1FA1923DA7200BE5F91 /* Build configuration list for PBXProject "Mana" */;
			compatibilityVersion = "Xcode 3.2";
			developmentRegion = English;
			hasScannedForEncodings = 0;
			knownRegions = (
				en,
				Base,
			);
			mainGroup = D209D1F61923DA7200BE5F91;
			productRefGroup = D209D2001923DA7200BE5F91 /* Products */;
			projectDirPath = "";
			projectRoot = "";
			targets = (
				D209D1FE1923DA7200BE5F91 /* Mana */,
				D209D2221923DA7200BE5F91 /* ManaTests */,
			);
		};
/* End PBXProject section */

/* Begin PBXResourcesBuildPhase section */
		D209D1FD1923DA7200BE5F91 /* Resources */ = {
			isa = PBXResourcesBuildPhase;
			buildActionMask = 2147483647;
			files = (
				D209D21E1923DA7200BE5F91 /* Images.xcassets in Resources */,
				D209D20D1923DA7200BE5F91 /* InfoPlist.strings in Resources */,
				D209D2161923DA7200BE5F91 /* Main.storyboard in Resources */,
				D2BD732E192E88D6007B73C5 /* pretty normal looking girl.jpg in Resources */,
				D2BD7334192ECC41007B73C5 /* ExperienceCard.xib in Resources */,
				D2BD7332192EB921007B73C5 /* photo-background.png in Resources */,
				D209D23D1923DAD500BE5F91 /* GoldenGateBridge-001.jpg in Resources */,
			);
			runOnlyForDeploymentPostprocessing = 0;
		};
		D209D2211923DA7200BE5F91 /* Resources */ = {
			isa = PBXResourcesBuildPhase;
			buildActionMask = 2147483647;
			files = (
				D209D22F1923DA7200BE5F91 /* InfoPlist.strings in Resources */,
			);
			runOnlyForDeploymentPostprocessing = 0;
		};
/* End PBXResourcesBuildPhase section */

/* Begin PBXSourcesBuildPhase section */
		D209D1FB1923DA7200BE5F91 /* Sources */ = {
			isa = PBXSourcesBuildPhase;
			buildActionMask = 2147483647;
			files = (
				D2432C1B192C253900A87951 /* HostDetailsTableViewController.m in Sources */,
				D209D2401923DB0300BE5F91 /* MonaFeedViewController.m in Sources */,
				D2432C18192C251C00A87951 /* HostNumbersTableViewController.m in Sources */,
				D2E16D87192BC7E4008DD0B0 /* ExperienceTypeTableViewController.m in Sources */,
				D2432C12192C236400A87951 /* UITableViewController+NextButtonSegue.m in Sources */,
				D2432C0D192BD11400A87951 /* ExperienceLocationTableViewController.m in Sources */,
				D299B221192BCD3100A47540 /* ExperienceCategoryTableViewController.m in Sources */,
				D209D21C1923DA7200BE5F91 /* SecondViewController.m in Sources */,
				D209D2131923DA7200BE5F91 /* AppDelegate.m in Sources */,
				D2432C15192C24F200A87951 /* HostWhenTableViewController.m in Sources */,
				D2BD732A192E8121007B73C5 /* ManaTableViewController.m in Sources */,
				D209D2191923DA7200BE5F91 /* FirstViewController.m in Sources */,
				D209D20F1923DA7200BE5F91 /* main.m in Sources */,
			);
			runOnlyForDeploymentPostprocessing = 0;
		};
		D209D21F1923DA7200BE5F91 /* Sources */ = {
			isa = PBXSourcesBuildPhase;
			buildActionMask = 2147483647;
			files = (
				D209D2311923DA7200BE5F91 /* ManaTests.m in Sources */,
			);
			runOnlyForDeploymentPostprocessing = 0;
		};
/* End PBXSourcesBuildPhase section */

/* Begin PBXTargetDependency section */
		D209D2291923DA7200BE5F91 /* PBXTargetDependency */ = {
			isa = PBXTargetDependency;
			target = D209D1FE1923DA7200BE5F91 /* Mana */;
			targetProxy = D209D2281923DA7200BE5F91 /* PBXContainerItemProxy */;
		};
/* End PBXTargetDependency section */

/* Begin PBXVariantGroup section */
		D209D20B1923DA7200BE5F91 /* InfoPlist.strings */ = {
			isa = PBXVariantGroup;
			children = (
				D209D20C1923DA7200BE5F91 /* en */,
			);
			name = InfoPlist.strings;
			sourceTree = "<group>";
		};
		D209D2141923DA7200BE5F91 /* Main.storyboard */ = {
			isa = PBXVariantGroup;
			children = (
				D209D2151923DA7200BE5F91 /* Base */,
			);
			name = Main.storyboard;
			path = Mana;
			sourceTree = "<group>";
		};
		D209D22D1923DA7200BE5F91 /* InfoPlist.strings */ = {
			isa = PBXVariantGroup;
			children = (
				D209D22E1923DA7200BE5F91 /* en */,
			);
			name = InfoPlist.strings;
			sourceTree = "<group>";
		};
/* End PBXVariantGroup section */

/* Begin XCBuildConfiguration section */
		D209D2321923DA7200BE5F91 /* Debug */ = {
			isa = XCBuildConfiguration;
			buildSettings = {
				ALWAYS_SEARCH_USER_PATHS = NO;
				CLANG_CXX_LANGUAGE_STANDARD = "gnu++0x";
				CLANG_CXX_LIBRARY = "libc++";
				CLANG_ENABLE_MODULES = YES;
				CLANG_ENABLE_OBJC_ARC = YES;
				CLANG_WARN_BOOL_CONVERSION = YES;
				CLANG_WARN_CONSTANT_CONVERSION = YES;
				CLANG_WARN_DIRECT_OBJC_ISA_USAGE = YES_ERROR;
				CLANG_WARN_EMPTY_BODY = YES;
				CLANG_WARN_ENUM_CONVERSION = YES;
				CLANG_WARN_INT_CONVERSION = YES;
				CLANG_WARN_OBJC_ROOT_CLASS = YES_ERROR;
				CLANG_WARN__DUPLICATE_METHOD_MATCH = YES;
				"CODE_SIGN_IDENTITY[sdk=iphoneos*]" = "iPhone Developer";
				COPY_PHASE_STRIP = NO;
				GCC_C_LANGUAGE_STANDARD = gnu99;
				GCC_DYNAMIC_NO_PIC = NO;
				GCC_OPTIMIZATION_LEVEL = 0;
				GCC_PREPROCESSOR_DEFINITIONS = (
					"DEBUG=1",
					"$(inherited)",
				);
				GCC_SYMBOLS_PRIVATE_EXTERN = NO;
				GCC_WARN_64_TO_32_BIT_CONVERSION = YES;
				GCC_WARN_ABOUT_RETURN_TYPE = YES_ERROR;
				GCC_WARN_UNDECLARED_SELECTOR = YES;
				GCC_WARN_UNINITIALIZED_AUTOS = YES_AGGRESSIVE;
				GCC_WARN_UNUSED_FUNCTION = YES;
				GCC_WARN_UNUSED_VARIABLE = YES;
				IPHONEOS_DEPLOYMENT_TARGET = 7.1;
				ONLY_ACTIVE_ARCH = YES;
				SDKROOT = iphoneos;
			};
			name = Debug;
		};
		D209D2331923DA7200BE5F91 /* Release */ = {
			isa = XCBuildConfiguration;
			buildSettings = {
				ALWAYS_SEARCH_USER_PATHS = NO;
				CLANG_CXX_LANGUAGE_STANDARD = "gnu++0x";
				CLANG_CXX_LIBRARY = "libc++";
				CLANG_ENABLE_MODULES = YES;
				CLANG_ENABLE_OBJC_ARC = YES;
				CLANG_WARN_BOOL_CONVERSION = YES;
				CLANG_WARN_CONSTANT_CONVERSION = YES;
				CLANG_WARN_DIRECT_OBJC_ISA_USAGE = YES_ERROR;
				CLANG_WARN_EMPTY_BODY = YES;
				CLANG_WARN_ENUM_CONVERSION = YES;
				CLANG_WARN_INT_CONVERSION = YES;
				CLANG_WARN_OBJC_ROOT_CLASS = YES_ERROR;
				CLANG_WARN__DUPLICATE_METHOD_MATCH = YES;
				"CODE_SIGN_IDENTITY[sdk=iphoneos*]" = "iPhone Developer";
				COPY_PHASE_STRIP = YES;
				ENABLE_NS_ASSERTIONS = NO;
				GCC_C_LANGUAGE_STANDARD = gnu99;
				GCC_WARN_64_TO_32_BIT_CONVERSION = YES;
				GCC_WARN_ABOUT_RETURN_TYPE = YES_ERROR;
				GCC_WARN_UNDECLARED_SELECTOR = YES;
				GCC_WARN_UNINITIALIZED_AUTOS = YES_AGGRESSIVE;
				GCC_WARN_UNUSED_FUNCTION = YES;
				GCC_WARN_UNUSED_VARIABLE = YES;
				IPHONEOS_DEPLOYMENT_TARGET = 7.1;
				SDKROOT = iphoneos;
				VALIDATE_PRODUCT = YES;
			};
			name = Release;
		};
		D209D2351923DA7200BE5F91 /* Debug */ = {
			isa = XCBuildConfiguration;
			buildSettings = {
				ASSETCATALOG_COMPILER_APPICON_NAME = AppIcon;
				ASSETCATALOG_COMPILER_LAUNCHIMAGE_NAME = LaunchImage;
				GCC_PRECOMPILE_PREFIX_HEADER = YES;
				GCC_PREFIX_HEADER = "Mana/Mana-Prefix.pch";
				INFOPLIST_FILE = "Mana/Mana-Info.plist";
				PRODUCT_NAME = "$(TARGET_NAME)";
				WRAPPER_EXTENSION = app;
			};
			name = Debug;
		};
		D209D2361923DA7200BE5F91 /* Release */ = {
			isa = XCBuildConfiguration;
			buildSettings = {
				ASSETCATALOG_COMPILER_APPICON_NAME = AppIcon;
				ASSETCATALOG_COMPILER_LAUNCHIMAGE_NAME = LaunchImage;
				GCC_PRECOMPILE_PREFIX_HEADER = YES;
				GCC_PREFIX_HEADER = "Mana/Mana-Prefix.pch";
				INFOPLIST_FILE = "Mana/Mana-Info.plist";
				PRODUCT_NAME = "$(TARGET_NAME)";
				WRAPPER_EXTENSION = app;
			};
			name = Release;
		};
		D209D2381923DA7200BE5F91 /* Debug */ = {
			isa = XCBuildConfiguration;
			buildSettings = {
				BUNDLE_LOADER = "$(BUILT_PRODUCTS_DIR)/Mana.app/Mana";
				FRAMEWORK_SEARCH_PATHS = (
					"$(SDKROOT)/Developer/Library/Frameworks",
					"$(inherited)",
					"$(DEVELOPER_FRAMEWORKS_DIR)",
				);
				GCC_PRECOMPILE_PREFIX_HEADER = YES;
				GCC_PREFIX_HEADER = "Mana/Mana-Prefix.pch";
				GCC_PREPROCESSOR_DEFINITIONS = (
					"DEBUG=1",
					"$(inherited)",
				);
				INFOPLIST_FILE = "ManaTests/ManaTests-Info.plist";
				PRODUCT_NAME = "$(TARGET_NAME)";
				TEST_HOST = "$(BUNDLE_LOADER)";
				WRAPPER_EXTENSION = xctest;
			};
			name = Debug;
		};
		D209D2391923DA7200BE5F91 /* Release */ = {
			isa = XCBuildConfiguration;
			buildSettings = {
				BUNDLE_LOADER = "$(BUILT_PRODUCTS_DIR)/Mana.app/Mana";
				FRAMEWORK_SEARCH_PATHS = (
					"$(SDKROOT)/Developer/Library/Frameworks",
					"$(inherited)",
					"$(DEVELOPER_FRAMEWORKS_DIR)",
				);
				GCC_PRECOMPILE_PREFIX_HEADER = YES;
				GCC_PREFIX_HEADER = "Mana/Mana-Prefix.pch";
				INFOPLIST_FILE = "ManaTests/ManaTests-Info.plist";
				PRODUCT_NAME = "$(TARGET_NAME)";
				TEST_HOST = "$(BUNDLE_LOADER)";
				WRAPPER_EXTENSION = xctest;
			};
			name = Release;
		};
/* End XCBuildConfiguration section */

/* Begin XCConfigurationList section */
		D209D1FA1923DA7200BE5F91 /* Build configuration list for PBXProject "Mana" */ = {
			isa = XCConfigurationList;
			buildConfigurations = (
				D209D2321923DA7200BE5F91 /* Debug */,
				D209D2331923DA7200BE5F91 /* Release */,
			);
			defaultConfigurationIsVisible = 0;
			defaultConfigurationName = Release;
		};
		D209D2341923DA7200BE5F91 /* Build configuration list for PBXNativeTarget "Mana" */ = {
			isa = XCConfigurationList;
			buildConfigurations = (
				D209D2351923DA7200BE5F91 /* Debug */,
				D209D2361923DA7200BE5F91 /* Release */,
			);
			defaultConfigurationIsVisible = 0;
			defaultConfigurationName = Release;
		};
		D209D2371923DA7200BE5F91 /* Build configuration list for PBXNativeTarget "ManaTests" */ = {
			isa = XCConfigurationList;
			buildConfigurations = (
				D209D2381923DA7200BE5F91 /* Debug */,
				D209D2391923DA7200BE5F91 /* Release */,
			);
			defaultConfigurationIsVisible = 0;
			defaultConfigurationName = Release;
		};
/* End XCConfigurationList section */
	};
	rootObject = D209D1F71923DA7200BE5F91 /* Project object */;
}
